// !$*UTF8*$!
{
	archiveVersion = 1;
	classes = {
	};
	objectVersion = 46;
	objects = {

/* Begin PBXBuildFile section */
		AD1B2D4719061EEF00C29EA4 /* libSCSSDK_IOS.a in Frameworks */ = {isa = PBXBuildFile; fileRef = AD1B2D4419061ECD00C29EA4 /* libSCSSDK_IOS.a */; };
		AD1B2D4919061EFD00C29EA4 /* UIKit.framework in Frameworks */ = {isa = PBXBuildFile; fileRef = AD1B2D4819061EFD00C29EA4 /* UIKit.framework */; };
		AD1B2D4B19061F0D00C29EA4 /* Cocoa.framework in Frameworks */ = {isa = PBXBuildFile; fileRef = AD1B2D4A19061F0D00C29EA4 /* Cocoa.framework */; };
		AD1B2D4C19061F1100C29EA4 /* libSCSSDK_OSX.a in Frameworks */ = {isa = PBXBuildFile; fileRef = AD1B2D4619061ECD00C29EA4 /* libSCSSDK_OSX.a */; };
		AD1B2D4E1906206B00C29EA4 /* Config in Resources */ = {isa = PBXBuildFile; fileRef = AD1B2D4D1906206B00C29EA4 /* Config */; };
		AD1B2D4F1906206B00C29EA4 /* Config in Resources */ = {isa = PBXBuildFile; fileRef = AD1B2D4D1906206B00C29EA4 /* Config */; };
		AD9EBD1218F67D2D006C59A8 /* Foundation.framework in Frameworks */ = {isa = PBXBuildFile; fileRef = AD9EBD1118F67D2D006C59A8 /* Foundation.framework */; };
		AD9EBD1418F67D2D006C59A8 /* CoreGraphics.framework in Frameworks */ = {isa = PBXBuildFile; fileRef = AD9EBD1318F67D2D006C59A8 /* CoreGraphics.framework */; };
		AD9EBD1C18F67D2D006C59A8 /* InfoPlist.strings in Resources */ = {isa = PBXBuildFile; fileRef = AD9EBD1A18F67D2D006C59A8 /* InfoPlist.strings */; };
		AD9EBD1E18F67D2D006C59A8 /* main.m in Sources */ = {isa = PBXBuildFile; fileRef = AD9EBD1D18F67D2D006C59A8 /* main.m */; };
		AD9EBD2218F67D2D006C59A8 /* AppDelegate.m in Sources */ = {isa = PBXBuildFile; fileRef = AD9EBD2118F67D2D006C59A8 /* AppDelegate.m */; };
		AD9EBD2418F67D2D006C59A8 /* Images.xcassets in Resources */ = {isa = PBXBuildFile; fileRef = AD9EBD2318F67D2D006C59A8 /* Images.xcassets */; };
		AD9EBD4E18F67D65006C59A8 /* InfoPlist.strings in Resources */ = {isa = PBXBuildFile; fileRef = AD9EBD4C18F67D65006C59A8 /* InfoPlist.strings */; };
		AD9EBD5018F67D65006C59A8 /* main.m in Sources */ = {isa = PBXBuildFile; fileRef = AD9EBD4F18F67D65006C59A8 /* main.m */; };
		AD9EBD5418F67D65006C59A8 /* Credits.rtf in Resources */ = {isa = PBXBuildFile; fileRef = AD9EBD5218F67D65006C59A8 /* Credits.rtf */; };
		AD9EBD5718F67D65006C59A8 /* AppDelegate.m in Sources */ = {isa = PBXBuildFile; fileRef = AD9EBD5618F67D65006C59A8 /* AppDelegate.m */; };
		AD9EBD5A18F67D65006C59A8 /* MainMenu.xib in Resources */ = {isa = PBXBuildFile; fileRef = AD9EBD5818F67D65006C59A8 /* MainMenu.xib */; };
		AD9EBD5C18F67D65006C59A8 /* Images.xcassets in Resources */ = {isa = PBXBuildFile; fileRef = AD9EBD5B18F67D65006C59A8 /* Images.xcassets */; };
		AD9EBD9818F67F2A006C59A8 /* RootViewController.m in Sources */ = {isa = PBXBuildFile; fileRef = AD9EBD9718F67F2A006C59A8 /* RootViewController.m */; };
		AD9EBD9C18F684C2006C59A8 /* Security.framework in Frameworks */ = {isa = PBXBuildFile; fileRef = AD9EBD9B18F684C2006C59A8 /* Security.framework */; };
		AD9EBD9E18F684DD006C59A8 /* CoreFoundation.framework in Frameworks */ = {isa = PBXBuildFile; fileRef = AD9EBD9D18F684DD006C59A8 /* CoreFoundation.framework */; };
		AD9EBDCD18F69A88006C59A8 /* demo_pic_0.png in Resources */ = {isa = PBXBuildFile; fileRef = AD9EBDCC18F69A88006C59A8 /* demo_pic_0.png */; };
		AD9EBDD518F6BE25006C59A8 /* OperationResultViewController.m in Sources */ = {isa = PBXBuildFile; fileRef = AD9EBDD418F6BE25006C59A8 /* OperationResultViewController.m */; };
		AD9EBDEA18FBE3FC006C59A8 /* OperationDetailView.m in Sources */ = {isa = PBXBuildFile; fileRef = AD9EBDE918FBE3FC006C59A8 /* OperationDetailView.m */; };
		AD9EBDF118FBE419006C59A8 /* OperationResultView.m in Sources */ = {isa = PBXBuildFile; fileRef = AD9EBDF018FBE419006C59A8 /* OperationResultView.m */; };
		AD9EBDF418FBE862006C59A8 /* OperationListView.m in Sources */ = {isa = PBXBuildFile; fileRef = AD9EBDF318FBE862006C59A8 /* OperationListView.m */; };
		AD9EBDF718FBF232006C59A8 /* CustomCellView.m in Sources */ = {isa = PBXBuildFile; fileRef = AD9EBDF618FBF232006C59A8 /* CustomCellView.m */; };
		AD9EBDF918FC0761006C59A8 /* demo_pic_0.png in Resources */ = {isa = PBXBuildFile; fileRef = AD9EBDF818FC0761006C59A8 /* demo_pic_0.png */; };
/* End PBXBuildFile section */

/* Begin PBXContainerItemProxy section */
		AD1B2D4319061ECD00C29EA4 /* PBXContainerItemProxy */ = {
			isa = PBXContainerItemProxy;
			containerPortal = AD1B2D3E19061ECC00C29EA4 /* SCSSDK.xcodeproj */;
			proxyType = 2;
			remoteGlobalIDString = AD2E977A18F668920017D61C;
			remoteInfo = SCSSDK_IOS;
		};
		AD1B2D4519061ECD00C29EA4 /* PBXContainerItemProxy */ = {
			isa = PBXContainerItemProxy;
			containerPortal = AD1B2D3E19061ECC00C29EA4 /* SCSSDK.xcodeproj */;
			proxyType = 2;
			remoteGlobalIDString = AD2E97A518F668A00017D61C;
			remoteInfo = SCSSDK_OSX;
		};
/* End PBXContainerItemProxy section */

/* Begin PBXFileReference section */
		AD1B2D3E19061ECC00C29EA4 /* SCSSDK.xcodeproj */ = {isa = PBXFileReference; lastKnownFileType = "wrapper.pb-project"; name = SCSSDK.xcodeproj; path = ../SCSSDK/SCSSDK.xcodeproj; sourceTree = "<group>"; };
		AD1B2D4819061EFD00C29EA4 /* UIKit.framework */ = {isa = PBXFileReference; lastKnownFileType = wrapper.framework; name = UIKit.framework; path = System/Library/Frameworks/UIKit.framework; sourceTree = SDKROOT; };
		AD1B2D4A19061F0D00C29EA4 /* Cocoa.framework */ = {isa = PBXFileReference; lastKnownFileType = wrapper.framework; name = Cocoa.framework; path = Platforms/MacOSX.platform/Developer/SDKs/MacOSX10.8.sdk/System/Library/Frameworks/Cocoa.framework; sourceTree = DEVELOPER_DIR; };
		AD1B2D4D1906206B00C29EA4 /* Config */ = {isa = PBXFileReference; lastKnownFileType = folder; path = Config; sourceTree = "<group>"; };
		AD9EBD0E18F67D2D006C59A8 /* SCSSDKDemo_IOS.app */ = {isa = PBXFileReference; explicitFileType = wrapper.application; includeInIndex = 0; path = SCSSDKDemo_IOS.app; sourceTree = BUILT_PRODUCTS_DIR; };
		AD9EBD1118F67D2D006C59A8 /* Foundation.framework */ = {isa = PBXFileReference; lastKnownFileType = wrapper.framework; name = Foundation.framework; path = System/Library/Frameworks/Foundation.framework; sourceTree = SDKROOT; };
		AD9EBD1318F67D2D006C59A8 /* CoreGraphics.framework */ = {isa = PBXFileReference; lastKnownFileType = wrapper.framework; name = CoreGraphics.framework; path = System/Library/Frameworks/CoreGraphics.framework; sourceTree = SDKROOT; };
		AD9EBD1518F67D2D006C59A8 /* UIKit.framework */ = {isa = PBXFileReference; lastKnownFileType = wrapper.framework; name = UIKit.framework; path = Library/Frameworks/UIKit.framework; sourceTree = DEVELOPER_DIR; };
		AD9EBD1918F67D2D006C59A8 /* SCSSDKDemo_IOS-Info.plist */ = {isa = PBXFileReference; lastKnownFileType = text.plist.xml; path = "SCSSDKDemo_IOS-Info.plist"; sourceTree = "<group>"; };
		AD9EBD1B18F67D2D006C59A8 /* en */ = {isa = PBXFileReference; lastKnownFileType = text.plist.strings; name = en; path = en.lproj/InfoPlist.strings; sourceTree = "<group>"; };
		AD9EBD1D18F67D2D006C59A8 /* main.m */ = {isa = PBXFileReference; lastKnownFileType = sourcecode.c.objc; path = main.m; sourceTree = "<group>"; };
		AD9EBD1F18F67D2D006C59A8 /* SCSSDKDemo_IOS-Prefix.pch */ = {isa = PBXFileReference; lastKnownFileType = sourcecode.c.h; path = "SCSSDKDemo_IOS-Prefix.pch"; sourceTree = "<group>"; };
		AD9EBD2018F67D2D006C59A8 /* AppDelegate.h */ = {isa = PBXFileReference; lastKnownFileType = sourcecode.c.h; path = AppDelegate.h; sourceTree = "<group>"; };
		AD9EBD2118F67D2D006C59A8 /* AppDelegate.m */ = {isa = PBXFileReference; lastKnownFileType = sourcecode.c.objc; path = AppDelegate.m; sourceTree = "<group>"; };
		AD9EBD2318F67D2D006C59A8 /* Images.xcassets */ = {isa = PBXFileReference; lastKnownFileType = folder.assetcatalog; path = Images.xcassets; sourceTree = "<group>"; };
		AD9EBD2A18F67D2E006C59A8 /* XCTest.framework */ = {isa = PBXFileReference; lastKnownFileType = wrapper.framework; name = XCTest.framework; path = Library/Frameworks/XCTest.framework; sourceTree = DEVELOPER_DIR; };
		AD9EBD4218F67D64006C59A8 /* SCSSDKDemo_OSX.app */ = {isa = PBXFileReference; explicitFileType = wrapper.application; includeInIndex = 0; path = SCSSDKDemo_OSX.app; sourceTree = BUILT_PRODUCTS_DIR; };
		AD9EBD4318F67D64006C59A8 /* Cocoa.framework */ = {isa = PBXFileReference; lastKnownFileType = wrapper.framework; name = Cocoa.framework; path = System/Library/Frameworks/Cocoa.framework; sourceTree = SDKROOT; };
		AD9EBD4618F67D64006C59A8 /* AppKit.framework */ = {isa = PBXFileReference; lastKnownFileType = wrapper.framework; name = AppKit.framework; path = System/Library/Frameworks/AppKit.framework; sourceTree = SDKROOT; };
		AD9EBD4718F67D64006C59A8 /* CoreData.framework */ = {isa = PBXFileReference; lastKnownFileType = wrapper.framework; name = CoreData.framework; path = System/Library/Frameworks/CoreData.framework; sourceTree = SDKROOT; };
		AD9EBD4818F67D64006C59A8 /* Foundation.framework */ = {isa = PBXFileReference; lastKnownFileType = wrapper.framework; name = Foundation.framework; path = System/Library/Frameworks/Foundation.framework; sourceTree = SDKROOT; };
		AD9EBD4B18F67D65006C59A8 /* SCSSDKDemo_OSX-Info.plist */ = {isa = PBXFileReference; lastKnownFileType = text.plist.xml; path = "SCSSDKDemo_OSX-Info.plist"; sourceTree = "<group>"; };
		AD9EBD4D18F67D65006C59A8 /* en */ = {isa = PBXFileReference; lastKnownFileType = text.plist.strings; name = en; path = en.lproj/InfoPlist.strings; sourceTree = "<group>"; };
		AD9EBD4F18F67D65006C59A8 /* main.m */ = {isa = PBXFileReference; lastKnownFileType = sourcecode.c.objc; path = main.m; sourceTree = "<group>"; };
		AD9EBD5118F67D65006C59A8 /* SCSSDKDemo_OSX-Prefix.pch */ = {isa = PBXFileReference; lastKnownFileType = sourcecode.c.h; path = "SCSSDKDemo_OSX-Prefix.pch"; sourceTree = "<group>"; };
		AD9EBD5318F67D65006C59A8 /* en */ = {isa = PBXFileReference; lastKnownFileType = text.rtf; name = en; path = en.lproj/Credits.rtf; sourceTree = "<group>"; };
		AD9EBD5518F67D65006C59A8 /* AppDelegate.h */ = {isa = PBXFileReference; lastKnownFileType = sourcecode.c.h; path = AppDelegate.h; sourceTree = "<group>"; };
		AD9EBD5618F67D65006C59A8 /* AppDelegate.m */ = {isa = PBXFileReference; lastKnownFileType = sourcecode.c.objc; path = AppDelegate.m; sourceTree = "<group>"; };
		AD9EBD5918F67D65006C59A8 /* Base */ = {isa = PBXFileReference; lastKnownFileType = file.xib; name = Base; path = Base.lproj/MainMenu.xib; sourceTree = "<group>"; };
		AD9EBD5B18F67D65006C59A8 /* Images.xcassets */ = {isa = PBXFileReference; lastKnownFileType = folder.assetcatalog; path = Images.xcassets; sourceTree = "<group>"; };
		AD9EBD9618F67F2A006C59A8 /* RootViewController.h */ = {isa = PBXFileReference; fileEncoding = 4; lastKnownFileType = sourcecode.c.h; path = RootViewController.h; sourceTree = "<group>"; };
		AD9EBD9718F67F2A006C59A8 /* RootViewController.m */ = {isa = PBXFileReference; fileEncoding = 4; lastKnownFileType = sourcecode.c.objc; path = RootViewController.m; sourceTree = "<group>"; };
		AD9EBD9B18F684C2006C59A8 /* Security.framework */ = {isa = PBXFileReference; lastKnownFileType = wrapper.framework; name = Security.framework; path = System/Library/Frameworks/Security.framework; sourceTree = SDKROOT; };
		AD9EBD9D18F684DD006C59A8 /* CoreFoundation.framework */ = {isa = PBXFileReference; lastKnownFileType = wrapper.framework; name = CoreFoundation.framework; path = System/Library/Frameworks/CoreFoundation.framework; sourceTree = SDKROOT; };
		AD9EBDCC18F69A88006C59A8 /* demo_pic_0.png */ = {isa = PBXFileReference; lastKnownFileType = image.png; path = demo_pic_0.png; sourceTree = "<group>"; };
		AD9EBDD318F6BE25006C59A8 /* OperationResultViewController.h */ = {isa = PBXFileReference; fileEncoding = 4; lastKnownFileType = sourcecode.c.h; path = OperationResultViewController.h; sourceTree = "<group>"; };
		AD9EBDD418F6BE25006C59A8 /* OperationResultViewController.m */ = {isa = PBXFileReference; fileEncoding = 4; lastKnownFileType = sourcecode.c.objc; path = OperationResultViewController.m; sourceTree = "<group>"; };
		AD9EBDE818FBE3FC006C59A8 /* OperationDetailView.h */ = {isa = PBXFileReference; fileEncoding = 4; lastKnownFileType = sourcecode.c.h; path = OperationDetailView.h; sourceTree = "<group>"; };
		AD9EBDE918FBE3FC006C59A8 /* OperationDetailView.m */ = {isa = PBXFileReference; fileEncoding = 4; lastKnownFileType = sourcecode.c.objc; path = OperationDetailView.m; sourceTree = "<group>"; };
		AD9EBDEF18FBE419006C59A8 /* OperationResultView.h */ = {isa = PBXFileReference; fileEncoding = 4; lastKnownFileType = sourcecode.c.h; path = OperationResultView.h; sourceTree = "<group>"; };
		AD9EBDF018FBE419006C59A8 /* OperationResultView.m */ = {isa = PBXFileReference; fileEncoding = 4; lastKnownFileType = sourcecode.c.objc; path = OperationResultView.m; sourceTree = "<group>"; };
		AD9EBDF218FBE862006C59A8 /* OperationListView.h */ = {isa = PBXFileReference; fileEncoding = 4; lastKnownFileType = sourcecode.c.h; path = OperationListView.h; sourceTree = "<group>"; };
		AD9EBDF318FBE862006C59A8 /* OperationListView.m */ = {isa = PBXFileReference; fileEncoding = 4; lastKnownFileType = sourcecode.c.objc; path = OperationListView.m; sourceTree = "<group>"; };
		AD9EBDF518FBF232006C59A8 /* CustomCellView.h */ = {isa = PBXFileReference; fileEncoding = 4; lastKnownFileType = sourcecode.c.h; path = CustomCellView.h; sourceTree = "<group>"; };
		AD9EBDF618FBF232006C59A8 /* CustomCellView.m */ = {isa = PBXFileReference; fileEncoding = 4; lastKnownFileType = sourcecode.c.objc; path = CustomCellView.m; sourceTree = "<group>"; };
		AD9EBDF818FC0761006C59A8 /* demo_pic_0.png */ = {isa = PBXFileReference; lastKnownFileType = image.png; path = demo_pic_0.png; sourceTree = "<group>"; };
/* End PBXFileReference section */

/* Begin PBXFrameworksBuildPhase section */
		AD9EBD0B18F67D2D006C59A8 /* Frameworks */ = {
			isa = PBXFrameworksBuildPhase;
			buildActionMask = 2147483647;
			files = (
				AD1B2D4919061EFD00C29EA4 /* UIKit.framework in Frameworks */,
				AD1B2D4719061EEF00C29EA4 /* libSCSSDK_IOS.a in Frameworks */,
				AD9EBD9E18F684DD006C59A8 /* CoreFoundation.framework in Frameworks */,
				AD9EBD9C18F684C2006C59A8 /* Security.framework in Frameworks */,
				AD9EBD1418F67D2D006C59A8 /* CoreGraphics.framework in Frameworks */,
				AD9EBD1218F67D2D006C59A8 /* Foundation.framework in Frameworks */,
			);
			runOnlyForDeploymentPostprocessing = 0;
		};
		AD9EBD3F18F67D64006C59A8 /* Frameworks */ = {
			isa = PBXFrameworksBuildPhase;
			buildActionMask = 2147483647;
			files = (
				AD1B2D4C19061F1100C29EA4 /* libSCSSDK_OSX.a in Frameworks */,
				AD1B2D4B19061F0D00C29EA4 /* Cocoa.framework in Frameworks */,
			);
			runOnlyForDeploymentPostprocessing = 0;
		};
/* End PBXFrameworksBuildPhase section */

/* Begin PBXGroup section */
		AD1B2D3319061BC100C29EA4 /* SDK */ = {
			isa = PBXGroup;
			children = (
				AD1B2D3E19061ECC00C29EA4 /* SCSSDK.xcodeproj */,
			);
			name = SDK;
			sourceTree = "<group>";
		};
		AD1B2D3F19061ECC00C29EA4 /* Products */ = {
			isa = PBXGroup;
			children = (
				AD1B2D4419061ECD00C29EA4 /* libSCSSDK_IOS.a */,
				AD1B2D4619061ECD00C29EA4 /* libSCSSDK_OSX.a */,
			);
			name = Products;
			sourceTree = "<group>";
		};
		AD9EBD0318F67D19006C59A8 = {
			isa = PBXGroup;
			children = (
				AD1B2D3319061BC100C29EA4 /* SDK */,
				AD9EBD1718F67D2D006C59A8 /* SCSSDKDemo_IOS */,
				AD9EBD4918F67D65006C59A8 /* SCSSDKDemo_OSX */,
				AD1B2D4D1906206B00C29EA4 /* Config */,
				AD9EBD1018F67D2D006C59A8 /* Frameworks */,
				AD9EBD0F18F67D2D006C59A8 /* Products */,
			);
			sourceTree = "<group>";
		};
		AD9EBD0F18F67D2D006C59A8 /* Products */ = {
			isa = PBXGroup;
			children = (
				AD9EBD0E18F67D2D006C59A8 /* SCSSDKDemo_IOS.app */,
				AD9EBD4218F67D64006C59A8 /* SCSSDKDemo_OSX.app */,
			);
			name = Products;
			sourceTree = "<group>";
		};
		AD9EBD1018F67D2D006C59A8 /* Frameworks */ = {
			isa = PBXGroup;
			children = (
				AD1B2D4A19061F0D00C29EA4 /* Cocoa.framework */,
				AD1B2D4819061EFD00C29EA4 /* UIKit.framework */,
				AD9EBD9D18F684DD006C59A8 /* CoreFoundation.framework */,
				AD9EBD9B18F684C2006C59A8 /* Security.framework */,
				AD9EBD1118F67D2D006C59A8 /* Foundation.framework */,
				AD9EBD1318F67D2D006C59A8 /* CoreGraphics.framework */,
				AD9EBD1518F67D2D006C59A8 /* UIKit.framework */,
				AD9EBD2A18F67D2E006C59A8 /* XCTest.framework */,
				AD9EBD4318F67D64006C59A8 /* Cocoa.framework */,
				AD9EBD4518F67D64006C59A8 /* Other Frameworks */,
			);
			name = Frameworks;
			sourceTree = "<group>";
		};
		AD9EBD1718F67D2D006C59A8 /* SCSSDKDemo_IOS */ = {
			isa = PBXGroup;
			children = (
				AD9EBD2018F67D2D006C59A8 /* AppDelegate.h */,
				AD9EBD2118F67D2D006C59A8 /* AppDelegate.m */,
				AD9EBD9618F67F2A006C59A8 /* RootViewController.h */,
				AD9EBD9718F67F2A006C59A8 /* RootViewController.m */,
				AD9EBDD318F6BE25006C59A8 /* OperationResultViewController.h */,
				AD9EBDD418F6BE25006C59A8 /* OperationResultViewController.m */,
				AD9EBD2318F67D2D006C59A8 /* Images.xcassets */,
				AD9EBD1818F67D2D006C59A8 /* Supporting Files */,
			);
			path = SCSSDKDemo_IOS;
			sourceTree = "<group>";
		};
		AD9EBD1818F67D2D006C59A8 /* Supporting Files */ = {
			isa = PBXGroup;
			children = (
				AD9EBDCC18F69A88006C59A8 /* demo_pic_0.png */,
				AD9EBD1918F67D2D006C59A8 /* SCSSDKDemo_IOS-Info.plist */,
				AD9EBD1A18F67D2D006C59A8 /* InfoPlist.strings */,
				AD9EBD1D18F67D2D006C59A8 /* main.m */,
				AD9EBD1F18F67D2D006C59A8 /* SCSSDKDemo_IOS-Prefix.pch */,
			);
			name = "Supporting Files";
			sourceTree = "<group>";
		};
		AD9EBD4518F67D64006C59A8 /* Other Frameworks */ = {
			isa = PBXGroup;
			children = (
				AD9EBD4618F67D64006C59A8 /* AppKit.framework */,
				AD9EBD4718F67D64006C59A8 /* CoreData.framework */,
				AD9EBD4818F67D64006C59A8 /* Foundation.framework */,
			);
			name = "Other Frameworks";
			sourceTree = "<group>";
		};
		AD9EBD4918F67D65006C59A8 /* SCSSDKDemo_OSX */ = {
			isa = PBXGroup;
			children = (
				AD9EBD5518F67D65006C59A8 /* AppDelegate.h */,
				AD9EBD5618F67D65006C59A8 /* AppDelegate.m */,
				AD9EBDF218FBE862006C59A8 /* OperationListView.h */,
				AD9EBDF318FBE862006C59A8 /* OperationListView.m */,
				AD9EBDF518FBF232006C59A8 /* CustomCellView.h */,
				AD9EBDF618FBF232006C59A8 /* CustomCellView.m */,
				AD9EBDE818FBE3FC006C59A8 /* OperationDetailView.h */,
				AD9EBDE918FBE3FC006C59A8 /* OperationDetailView.m */,
				AD9EBDEF18FBE419006C59A8 /* OperationResultView.h */,
				AD9EBDF018FBE419006C59A8 /* OperationResultView.m */,
				AD9EBD5818F67D65006C59A8 /* MainMenu.xib */,
				AD9EBD5B18F67D65006C59A8 /* Images.xcassets */,
				AD9EBD4A18F67D65006C59A8 /* Supporting Files */,
			);
			path = SCSSDKDemo_OSX;
			sourceTree = "<group>";
		};
		AD9EBD4A18F67D65006C59A8 /* Supporting Files */ = {
			isa = PBXGroup;
			children = (
				AD9EBDF818FC0761006C59A8 /* demo_pic_0.png */,
				AD9EBD4B18F67D65006C59A8 /* SCSSDKDemo_OSX-Info.plist */,
				AD9EBD4C18F67D65006C59A8 /* InfoPlist.strings */,
				AD9EBD4F18F67D65006C59A8 /* main.m */,
				AD9EBD5118F67D65006C59A8 /* SCSSDKDemo_OSX-Prefix.pch */,
				AD9EBD5218F67D65006C59A8 /* Credits.rtf */,
			);
			name = "Supporting Files";
			sourceTree = "<group>";
		};
/* End PBXGroup section */

/* Begin PBXNativeTarget section */
		AD9EBD0D18F67D2D006C59A8 /* SCSSDKDemo_IOS */ = {
			isa = PBXNativeTarget;
			buildConfigurationList = AD9EBD3818F67D2E006C59A8 /* Build configuration list for PBXNativeTarget "SCSSDKDemo_IOS" */;
			buildPhases = (
				AD9EBD0A18F67D2D006C59A8 /* Sources */,
				AD9EBD0B18F67D2D006C59A8 /* Frameworks */,
				AD9EBD0C18F67D2D006C59A8 /* Resources */,
			);
			buildRules = (
			);
			dependencies = (
			);
			name = SCSSDKDemo_IOS;
			productName = SCSSDKDemo_IOS;
			productReference = AD9EBD0E18F67D2D006C59A8 /* SCSSDKDemo_IOS.app */;
			productType = "com.apple.product-type.application";
		};
		AD9EBD4118F67D64006C59A8 /* SCSSDKDemo_OSX */ = {
			isa = PBXNativeTarget;
			buildConfigurationList = AD9EBD6E18F67D65006C59A8 /* Build configuration list for PBXNativeTarget "SCSSDKDemo_OSX" */;
			buildPhases = (
				AD9EBD3E18F67D64006C59A8 /* Sources */,
				AD9EBD3F18F67D64006C59A8 /* Frameworks */,
				AD9EBD4018F67D64006C59A8 /* Resources */,
			);
			buildRules = (
			);
			dependencies = (
			);
			name = SCSSDKDemo_OSX;
			productName = SCSSDKDemo_OSX;
			productReference = AD9EBD4218F67D64006C59A8 /* SCSSDKDemo_OSX.app */;
			productType = "com.apple.product-type.application";
		};
/* End PBXNativeTarget section */

/* Begin PBXProject section */
		AD9EBD0418F67D19006C59A8 /* Project object */ = {
			isa = PBXProject;
			attributes = {
				LastUpgradeCheck = 0500;
			};
			buildConfigurationList = AD9EBD0718F67D19006C59A8 /* Build configuration list for PBXProject "SCSSDKDemo" */;
			compatibilityVersion = "Xcode 3.2";
			developmentRegion = English;
			hasScannedForEncodings = 0;
			knownRegions = (
				en,
				Base,
			);
			mainGroup = AD9EBD0318F67D19006C59A8;
			productRefGroup = AD9EBD0F18F67D2D006C59A8 /* Products */;
			projectDirPath = "";
			projectReferences = (
				{
					ProductGroup = AD1B2D3F19061ECC00C29EA4 /* Products */;
					ProjectRef = AD1B2D3E19061ECC00C29EA4 /* SCSSDK.xcodeproj */;
				},
			);
			projectRoot = "";
			targets = (
				AD9EBD0D18F67D2D006C59A8 /* SCSSDKDemo_IOS */,
				AD9EBD4118F67D64006C59A8 /* SCSSDKDemo_OSX */,
			);
		};
/* End PBXProject section */

/* Begin PBXReferenceProxy section */
		AD1B2D4419061ECD00C29EA4 /* libSCSSDK_IOS.a */ = {
			isa = PBXReferenceProxy;
			fileType = archive.ar;
			path = libSCSSDK_IOS.a;
			remoteRef = AD1B2D4319061ECD00C29EA4 /* PBXContainerItemProxy */;
			sourceTree = BUILT_PRODUCTS_DIR;
		};
		AD1B2D4619061ECD00C29EA4 /* libSCSSDK_OSX.a */ = {
			isa = PBXReferenceProxy;
			fileType = archive.ar;
			path = libSCSSDK_OSX.a;
			remoteRef = AD1B2D4519061ECD00C29EA4 /* PBXContainerItemProxy */;
			sourceTree = BUILT_PRODUCTS_DIR;
		};
/* End PBXReferenceProxy section */

/* Begin PBXResourcesBuildPhase section */
		AD9EBD0C18F67D2D006C59A8 /* Resources */ = {
			isa = PBXResourcesBuildPhase;
			buildActionMask = 2147483647;
			files = (
				AD1B2D4E1906206B00C29EA4 /* Config in Resources */,
				AD9EBDCD18F69A88006C59A8 /* demo_pic_0.png in Resources */,
				AD9EBD1C18F67D2D006C59A8 /* InfoPlist.strings in Resources */,
				AD9EBD2418F67D2D006C59A8 /* Images.xcassets in Resources */,
			);
			runOnlyForDeploymentPostprocessing = 0;
		};
		AD9EBD4018F67D64006C59A8 /* Resources */ = {
			isa = PBXResourcesBuildPhase;
			buildActionMask = 2147483647;
			files = (
				AD9EBD4E18F67D65006C59A8 /* InfoPlist.strings in Resources */,
				AD9EBD5C18F67D65006C59A8 /* Images.xcassets in Resources */,
				AD1B2D4F1906206B00C29EA4 /* Config in Resources */,
				AD9EBD5418F67D65006C59A8 /* Credits.rtf in Resources */,
				AD9EBDF918FC0761006C59A8 /* demo_pic_0.png in Resources */,
				AD9EBD5A18F67D65006C59A8 /* MainMenu.xib in Resources */,
			);
			runOnlyForDeploymentPostprocessing = 0;
		};
/* End PBXResourcesBuildPhase section */

/* Begin PBXSourcesBuildPhase section */
		AD9EBD0A18F67D2D006C59A8 /* Sources */ = {
			isa = PBXSourcesBuildPhase;
			buildActionMask = 2147483647;
			files = (
				AD9EBD2218F67D2D006C59A8 /* AppDelegate.m in Sources */,
				AD9EBDD518F6BE25006C59A8 /* OperationResultViewController.m in Sources */,
				AD9EBD1E18F67D2D006C59A8 /* main.m in Sources */,
				AD9EBD9818F67F2A006C59A8 /* RootViewController.m in Sources */,
			);
			runOnlyForDeploymentPostprocessing = 0;
		};
		AD9EBD3E18F67D64006C59A8 /* Sources */ = {
			isa = PBXSourcesBuildPhase;
			buildActionMask = 2147483647;
			files = (
				AD9EBD5718F67D65006C59A8 /* AppDelegate.m in Sources */,
				AD9EBDF718FBF232006C59A8 /* CustomCellView.m in Sources */,
				AD9EBD5018F67D65006C59A8 /* main.m in Sources */,
				AD9EBDF418FBE862006C59A8 /* OperationListView.m in Sources */,
				AD9EBDEA18FBE3FC006C59A8 /* OperationDetailView.m in Sources */,
				AD9EBDF118FBE419006C59A8 /* OperationResultView.m in Sources */,
			);
			runOnlyForDeploymentPostprocessing = 0;
		};
/* End PBXSourcesBuildPhase section */

/* Begin PBXVariantGroup section */
		AD9EBD1A18F67D2D006C59A8 /* InfoPlist.strings */ = {
			isa = PBXVariantGroup;
			children = (
				AD9EBD1B18F67D2D006C59A8 /* en */,
			);
			name = InfoPlist.strings;
			sourceTree = "<group>";
		};
		AD9EBD4C18F67D65006C59A8 /* InfoPlist.strings */ = {
			isa = PBXVariantGroup;
			children = (
				AD9EBD4D18F67D65006C59A8 /* en */,
			);
			name = InfoPlist.strings;
			sourceTree = "<group>";
		};
		AD9EBD5218F67D65006C59A8 /* Credits.rtf */ = {
			isa = PBXVariantGroup;
			children = (
				AD9EBD5318F67D65006C59A8 /* en */,
			);
			name = Credits.rtf;
			sourceTree = "<group>";
		};
		AD9EBD5818F67D65006C59A8 /* MainMenu.xib */ = {
			isa = PBXVariantGroup;
			children = (
				AD9EBD5918F67D65006C59A8 /* Base */,
			);
			name = MainMenu.xib;
			sourceTree = "<group>";
		};
/* End PBXVariantGroup section */

/* Begin XCBuildConfiguration section */
		AD9EBD0818F67D19006C59A8 /* Debug */ = {
			isa = XCBuildConfiguration;
			buildSettings = {
				HEADER_SEARCH_PATHS = (
					"$(inherited)",
					/Applications/Xcode.app/Contents/Developer/Toolchains/XcodeDefault.xctoolchain/usr/include,
					"$(SRCROOT)/../SCSSDK/**",
				);
				SDKROOT = iphoneos;
			};
			name = Debug;
		};
		AD9EBD0918F67D19006C59A8 /* Release */ = {
			isa = XCBuildConfiguration;
			buildSettings = {
				HEADER_SEARCH_PATHS = (
					"$(inherited)",
					/Applications/Xcode.app/Contents/Developer/Toolchains/XcodeDefault.xctoolchain/usr/include,
					"$(SRCROOT)/../SCSSDK/**",
				);
				SDKROOT = iphoneos;
			};
			name = Release;
		};
		AD9EBD3918F67D2E006C59A8 /* Debug */ = {
			isa = XCBuildConfiguration;
			buildSettings = {
				ALWAYS_SEARCH_USER_PATHS = YES;
				ARCHS = "$(ARCHS_STANDARD_INCLUDING_64_BIT)";
				ASSETCATALOG_COMPILER_APPICON_NAME = AppIcon;
				ASSETCATALOG_COMPILER_LAUNCHIMAGE_NAME = LaunchImage;
				CLANG_CXX_LANGUAGE_STANDARD = "gnu++0x";
				CLANG_CXX_LIBRARY = "libc++";
				CLANG_ENABLE_MODULES = YES;
				CLANG_ENABLE_OBJC_ARC = NO;
				CLANG_WARN_BOOL_CONVERSION = YES;
				CLANG_WARN_CONSTANT_CONVERSION = YES;
				CLANG_WARN_DIRECT_OBJC_ISA_USAGE = YES_ERROR;
				CLANG_WARN_EMPTY_BODY = YES;
				CLANG_WARN_ENUM_CONVERSION = YES;
				CLANG_WARN_INT_CONVERSION = YES;
				CLANG_WARN_OBJC_ROOT_CLASS = YES_ERROR;
				CLANG_WARN__DUPLICATE_METHOD_MATCH = YES;
				"CODE_SIGN_IDENTITY[sdk=iphoneos*]" = "iPhone Developer";
				COPY_PHASE_STRIP = NO;
				FRAMEWORK_SEARCH_PATHS = (
					"$(inherited)",
					"$(DEVELOPER_FRAMEWORKS_DIR)",
				);
				GCC_C_LANGUAGE_STANDARD = gnu99;
				GCC_DYNAMIC_NO_PIC = NO;
				GCC_OPTIMIZATION_LEVEL = 0;
				GCC_PRECOMPILE_PREFIX_HEADER = YES;
				GCC_PREFIX_HEADER = "SCSSDKDemo_IOS/SCSSDKDemo_IOS-Prefix.pch";
				GCC_SYMBOLS_PRIVATE_EXTERN = NO;
				GCC_WARN_64_TO_32_BIT_CONVERSION = YES;
				GCC_WARN_ABOUT_RETURN_TYPE = YES_ERROR;
				GCC_WARN_UNDECLARED_SELECTOR = YES;
				GCC_WARN_UNINITIALIZED_AUTOS = YES;
				GCC_WARN_UNUSED_FUNCTION = YES;
				GCC_WARN_UNUSED_VARIABLE = YES;
				INFOPLIST_FILE = "SCSSDKDemo_IOS/SCSSDKDemo_IOS-Info.plist";
				IPHONEOS_DEPLOYMENT_TARGET = 7.0;
				ONLY_ACTIVE_ARCH = YES;
				OTHER_LDFLAGS = (
					"-ObjC",
					"-all_load",
				);
				PRODUCT_NAME = "$(TARGET_NAME)";
				SDKROOT = iphoneos;
				WRAPPER_EXTENSION = app;
			};
			name = Debug;
		};
		AD9EBD3A18F67D2E006C59A8 /* Release */ = {
			isa = XCBuildConfiguration;
			buildSettings = {
				ALWAYS_SEARCH_USER_PATHS = YES;
				ARCHS = "$(ARCHS_STANDARD_INCLUDING_64_BIT)";
				ASSETCATALOG_COMPILER_APPICON_NAME = AppIcon;
				ASSETCATALOG_COMPILER_LAUNCHIMAGE_NAME = LaunchImage;
				CLANG_CXX_LANGUAGE_STANDARD = "gnu++0x";
				CLANG_CXX_LIBRARY = "libc++";
				CLANG_ENABLE_MODULES = YES;
				CLANG_ENABLE_OBJC_ARC = NO;
				CLANG_WARN_BOOL_CONVERSION = YES;
				CLANG_WARN_CONSTANT_CONVERSION = YES;
				CLANG_WARN_DIRECT_OBJC_ISA_USAGE = YES_ERROR;
				CLANG_WARN_EMPTY_BODY = YES;
				CLANG_WARN_ENUM_CONVERSION = YES;
				CLANG_WARN_INT_CONVERSION = YES;
				CLANG_WARN_OBJC_ROOT_CLASS = YES_ERROR;
				CLANG_WARN__DUPLICATE_METHOD_MATCH = YES;
				"CODE_SIGN_IDENTITY[sdk=iphoneos*]" = "iPhone Developer";
				COPY_PHASE_STRIP = YES;
				ENABLE_NS_ASSERTIONS = NO;
				FRAMEWORK_SEARCH_PATHS = (
					"$(inherited)",
					"$(DEVELOPER_FRAMEWORKS_DIR)",
				);
				GCC_C_LANGUAGE_STANDARD = gnu99;
				GCC_PRECOMPILE_PREFIX_HEADER = YES;
				GCC_PREFIX_HEADER = "SCSSDKDemo_IOS/SCSSDKDemo_IOS-Prefix.pch";
				GCC_WARN_64_TO_32_BIT_CONVERSION = YES;
				GCC_WARN_ABOUT_RETURN_TYPE = YES_ERROR;
				GCC_WARN_UNDECLARED_SELECTOR = YES;
				GCC_WARN_UNINITIALIZED_AUTOS = YES;
				GCC_WARN_UNUSED_FUNCTION = YES;
				GCC_WARN_UNUSED_VARIABLE = YES;
				INFOPLIST_FILE = "SCSSDKDemo_IOS/SCSSDKDemo_IOS-Info.plist";
				IPHONEOS_DEPLOYMENT_TARGET = 7.0;
				OTHER_LDFLAGS = (
					"-ObjC",
					"-all_load",
				);
				PRODUCT_NAME = "$(TARGET_NAME)";
				SDKROOT = iphoneos;
				VALIDATE_PRODUCT = YES;
				WRAPPER_EXTENSION = app;
			};
			name = Release;
		};
		AD9EBD6F18F67D65006C59A8 /* Debug */ = {
			isa = XCBuildConfiguration;
			buildSettings = {
				ALWAYS_SEARCH_USER_PATHS = NO;
				ASSETCATALOG_COMPILER_APPICON_NAME = AppIcon;
				CLANG_CXX_LANGUAGE_STANDARD = "gnu++0x";
				CLANG_CXX_LIBRARY = "libc++";
				CLANG_ENABLE_OBJC_ARC = NO;
				CLANG_WARN_BOOL_CONVERSION = YES;
				CLANG_WARN_CONSTANT_CONVERSION = YES;
				CLANG_WARN_DIRECT_OBJC_ISA_USAGE = YES_ERROR;
				CLANG_WARN_EMPTY_BODY = YES;
				CLANG_WARN_ENUM_CONVERSION = YES;
				CLANG_WARN_INT_CONVERSION = YES;
				CLANG_WARN_OBJC_ROOT_CLASS = YES_ERROR;
				CLANG_WARN__DUPLICATE_METHOD_MATCH = YES;
				COMBINE_HIDPI_IMAGES = YES;
				COPY_PHASE_STRIP = NO;
				GCC_C_LANGUAGE_STANDARD = gnu99;
				GCC_DYNAMIC_NO_PIC = NO;
				GCC_ENABLE_OBJC_EXCEPTIONS = YES;
				GCC_OPTIMIZATION_LEVEL = 0;
				GCC_PRECOMPILE_PREFIX_HEADER = YES;
				GCC_PREFIX_HEADER = "SCSSDKDemo_OSX/SCSSDKDemo_OSX-Prefix.pch";
				GCC_PREPROCESSOR_DEFINITIONS = (
					"DEBUG=1",
					"$(inherited)",
				);
				GCC_SYMBOLS_PRIVATE_EXTERN = NO;
				GCC_WARN_64_TO_32_BIT_CONVERSION = YES;
				GCC_WARN_ABOUT_RETURN_TYPE = YES_ERROR;
				GCC_WARN_UNDECLARED_SELECTOR = YES;
				GCC_WARN_UNINITIALIZED_AUTOS = YES;
				GCC_WARN_UNUSED_FUNCTION = YES;
				GCC_WARN_UNUSED_VARIABLE = YES;
				INFOPLIST_FILE = "SCSSDKDemo_OSX/SCSSDKDemo_OSX-Info.plist";
				MACOSX_DEPLOYMENT_TARGET = 10.8;
				ONLY_ACTIVE_ARCH = YES;
				OTHER_LDFLAGS = (
					"-ObjC",
					"-all_load",
				);
				PRODUCT_NAME = "$(TARGET_NAME)";
				SDKROOT = macosx;
				WRAPPER_EXTENSION = app;
			};
			name = Debug;
		};
		AD9EBD7018F67D65006C59A8 /* Release */ = {
			isa = XCBuildConfiguration;
			buildSettings = {
				ALWAYS_SEARCH_USER_PATHS = NO;
				ASSETCATALOG_COMPILER_APPICON_NAME = AppIcon;
				CLANG_CXX_LANGUAGE_STANDARD = "gnu++0x";
				CLANG_CXX_LIBRARY = "libc++";
				CLANG_ENABLE_OBJC_ARC = NO;
				CLANG_WARN_BOOL_CONVERSION = YES;
				CLANG_WARN_CONSTANT_CONVERSION = YES;
				CLANG_WARN_DIRECT_OBJC_ISA_USAGE = YES_ERROR;
				CLANG_WARN_EMPTY_BODY = YES;
				CLANG_WARN_ENUM_CONVERSION = YES;
				CLANG_WARN_INT_CONVERSION = YES;
				CLANG_WARN_OBJC_ROOT_CLASS = YES_ERROR;
				CLANG_WARN__DUPLICATE_METHOD_MATCH = YES;
				COMBINE_HIDPI_IMAGES = YES;
				COPY_PHASE_STRIP = YES;
				DEBUG_INFORMATION_FORMAT = "dwarf-with-dsym";
				ENABLE_NS_ASSERTIONS = NO;
				GCC_C_LANGUAGE_STANDARD = gnu99;
				GCC_ENABLE_OBJC_EXCEPTIONS = YES;
				GCC_PRECOMPILE_PREFIX_HEADER = YES;
				GCC_PREFIX_HEADER = "SCSSDKDemo_OSX/SCSSDKDemo_OSX-Prefix.pch";
				GCC_WARN_64_TO_32_BIT_CONVERSION = YES;
				GCC_WARN_ABOUT_RETURN_TYPE = YES_ERROR;
				GCC_WARN_UNDECLARED_SELECTOR = YES;
				GCC_WARN_UNINITIALIZED_AUTOS = YES;
				GCC_WARN_UNUSED_FUNCTION = YES;
				GCC_WARN_UNUSED_VARIABLE = YES;
				INFOPLIST_FILE = "SCSSDKDemo_OSX/SCSSDKDemo_OSX-Info.plist";
				MACOSX_DEPLOYMENT_TARGET = 10.8;
				OTHER_LDFLAGS = (
					"-ObjC",
					"-all_load",
				);
				PRODUCT_NAME = "$(TARGET_NAME)";
				SDKROOT = macosx;
				WRAPPER_EXTENSION = app;
			};
			name = Release;
		};
/* End XCBuildConfiguration section */

/* Begin XCConfigurationList section */
		AD9EBD0718F67D19006C59A8 /* Build configuration list for PBXProject "SCSSDKDemo" */ = {
			isa = XCConfigurationList;
			buildConfigurations = (
				AD9EBD0818F67D19006C59A8 /* Debug */,
				AD9EBD0918F67D19006C59A8 /* Release */,
			);
			defaultConfigurationIsVisible = 0;
			defaultConfigurationName = Release;
		};
		AD9EBD3818F67D2E006C59A8 /* Build configuration list for PBXNativeTarget "SCSSDKDemo_IOS" */ = {
			isa = XCConfigurationList;
			buildConfigurations = (
				AD9EBD3918F67D2E006C59A8 /* Debug */,
				AD9EBD3A18F67D2E006C59A8 /* Release */,
			);
			defaultConfigurationIsVisible = 0;
			defaultConfigurationName = Release;
		};
		AD9EBD6E18F67D65006C59A8 /* Build configuration list for PBXNativeTarget "SCSSDKDemo_OSX" */ = {
			isa = XCConfigurationList;
			buildConfigurations = (
				AD9EBD6F18F67D65006C59A8 /* Debug */,
				AD9EBD7018F67D65006C59A8 /* Release */,
			);
			defaultConfigurationIsVisible = 0;
			defaultConfigurationName = Release;
		};
/* End XCConfigurationList section */
	};
	rootObject = AD9EBD0418F67D19006C59A8 /* Project object */;
}
