// !$*UTF8*$!
{
	archiveVersion = 1;
	classes = {
	};
	objectVersion = 46;
	objects = {

/* Begin PBXBuildFile section */
		AD1B2C6918FFDEFF00C29EA4 /* SCSACL.h in Headers */ = {isa = PBXBuildFile; fileRef = AD1B2C3518FFDEFE00C29EA4 /* SCSACL.h */; };
		AD1B2C6A18FFDEFF00C29EA4 /* SCSACL.m in Sources */ = {isa = PBXBuildFile; fileRef = AD1B2C3618FFDEFE00C29EA4 /* SCSACL.m */; };
		AD1B2C6C18FFDEFF00C29EA4 /* SCSACL.m in Sources */ = {isa = PBXBuildFile; fileRef = AD1B2C3618FFDEFE00C29EA4 /* SCSACL.m */; };
		AD1B2C6E18FFDEFF00C29EA4 /* SCSBucket.h in Headers */ = {isa = PBXBuildFile; fileRef = AD1B2C3718FFDEFE00C29EA4 /* SCSBucket.h */; };
		AD1B2C6F18FFDEFF00C29EA4 /* SCSBucket.m in Sources */ = {isa = PBXBuildFile; fileRef = AD1B2C3818FFDEFF00C29EA4 /* SCSBucket.m */; };
		AD1B2C7118FFDEFF00C29EA4 /* SCSBucket.m in Sources */ = {isa = PBXBuildFile; fileRef = AD1B2C3818FFDEFF00C29EA4 /* SCSBucket.m */; };
		AD1B2C7318FFDEFF00C29EA4 /* SCSConnectionInfo.h in Headers */ = {isa = PBXBuildFile; fileRef = AD1B2C3918FFDEFF00C29EA4 /* SCSConnectionInfo.h */; };
		AD1B2C7418FFDEFF00C29EA4 /* SCSConnectionInfo.m in Sources */ = {isa = PBXBuildFile; fileRef = AD1B2C3A18FFDEFF00C29EA4 /* SCSConnectionInfo.m */; };
		AD1B2C7618FFDEFF00C29EA4 /* SCSConnectionInfo.m in Sources */ = {isa = PBXBuildFile; fileRef = AD1B2C3A18FFDEFF00C29EA4 /* SCSConnectionInfo.m */; };
		AD1B2C7818FFDEFF00C29EA4 /* SCSExtensions.h in Headers */ = {isa = PBXBuildFile; fileRef = AD1B2C3B18FFDEFF00C29EA4 /* SCSExtensions.h */; };
		AD1B2C7918FFDEFF00C29EA4 /* SCSExtensions.m in Sources */ = {isa = PBXBuildFile; fileRef = AD1B2C3C18FFDEFF00C29EA4 /* SCSExtensions.m */; };
		AD1B2C7B18FFDEFF00C29EA4 /* SCSExtensions.m in Sources */ = {isa = PBXBuildFile; fileRef = AD1B2C3C18FFDEFF00C29EA4 /* SCSExtensions.m */; };
		AD1B2C7D18FFDEFF00C29EA4 /* SCSHTTPURLBuilder.h in Headers */ = {isa = PBXBuildFile; fileRef = AD1B2C3D18FFDEFF00C29EA4 /* SCSHTTPURLBuilder.h */; };
		AD1B2C7E18FFDEFF00C29EA4 /* SCSHTTPURLBuilder.m in Sources */ = {isa = PBXBuildFile; fileRef = AD1B2C3E18FFDEFF00C29EA4 /* SCSHTTPURLBuilder.m */; };
		AD1B2C8018FFDEFF00C29EA4 /* SCSHTTPURLBuilder.m in Sources */ = {isa = PBXBuildFile; fileRef = AD1B2C3E18FFDEFF00C29EA4 /* SCSHTTPURLBuilder.m */; };
		AD1B2C8218FFDEFF00C29EA4 /* SCSMutableConnectionInfo.h in Headers */ = {isa = PBXBuildFile; fileRef = AD1B2C3F18FFDEFF00C29EA4 /* SCSMutableConnectionInfo.h */; };
		AD1B2C8318FFDEFF00C29EA4 /* SCSMutableConnectionInfo.m in Sources */ = {isa = PBXBuildFile; fileRef = AD1B2C4018FFDEFF00C29EA4 /* SCSMutableConnectionInfo.m */; };
		AD1B2C8518FFDEFF00C29EA4 /* SCSMutableConnectionInfo.m in Sources */ = {isa = PBXBuildFile; fileRef = AD1B2C4018FFDEFF00C29EA4 /* SCSMutableConnectionInfo.m */; };
		AD1B2C8718FFDEFF00C29EA4 /* SCSObject.h in Headers */ = {isa = PBXBuildFile; fileRef = AD1B2C4118FFDEFF00C29EA4 /* SCSObject.h */; };
		AD1B2C8818FFDEFF00C29EA4 /* SCSObject.m in Sources */ = {isa = PBXBuildFile; fileRef = AD1B2C4218FFDEFF00C29EA4 /* SCSObject.m */; };
		AD1B2C8A18FFDEFF00C29EA4 /* SCSObject.m in Sources */ = {isa = PBXBuildFile; fileRef = AD1B2C4218FFDEFF00C29EA4 /* SCSObject.m */; };
		AD1B2C8C18FFDEFF00C29EA4 /* SCSOperation.h in Headers */ = {isa = PBXBuildFile; fileRef = AD1B2C4318FFDEFF00C29EA4 /* SCSOperation.h */; };
		AD1B2C8D18FFDEFF00C29EA4 /* SCSOperation.m in Sources */ = {isa = PBXBuildFile; fileRef = AD1B2C4418FFDEFF00C29EA4 /* SCSOperation.m */; };
		AD1B2C8F18FFDEFF00C29EA4 /* SCSOperation.m in Sources */ = {isa = PBXBuildFile; fileRef = AD1B2C4418FFDEFF00C29EA4 /* SCSOperation.m */; };
		AD1B2C9118FFDEFF00C29EA4 /* SCSOperationQueue.h in Headers */ = {isa = PBXBuildFile; fileRef = AD1B2C4518FFDEFF00C29EA4 /* SCSOperationQueue.h */; };
		AD1B2C9218FFDEFF00C29EA4 /* SCSOperationQueue.m in Sources */ = {isa = PBXBuildFile; fileRef = AD1B2C4618FFDEFF00C29EA4 /* SCSOperationQueue.m */; };
		AD1B2C9418FFDEFF00C29EA4 /* SCSOperationQueue.m in Sources */ = {isa = PBXBuildFile; fileRef = AD1B2C4618FFDEFF00C29EA4 /* SCSOperationQueue.m */; };
		AD1B2C9618FFDEFF00C29EA4 /* SCSOwner.h in Headers */ = {isa = PBXBuildFile; fileRef = AD1B2C4718FFDEFF00C29EA4 /* SCSOwner.h */; };
		AD1B2C9718FFDEFF00C29EA4 /* SCSOwner.m in Sources */ = {isa = PBXBuildFile; fileRef = AD1B2C4818FFDEFF00C29EA4 /* SCSOwner.m */; };
		AD1B2C9918FFDEFF00C29EA4 /* SCSOwner.m in Sources */ = {isa = PBXBuildFile; fileRef = AD1B2C4818FFDEFF00C29EA4 /* SCSOwner.m */; };
		AD1B2C9B18FFDEFF00C29EA4 /* SCSPersistentCFReadStreamPool.h in Headers */ = {isa = PBXBuildFile; fileRef = AD1B2C4918FFDEFF00C29EA4 /* SCSPersistentCFReadStreamPool.h */; };
		AD1B2C9C18FFDEFF00C29EA4 /* SCSPersistentCFReadStreamPool.m in Sources */ = {isa = PBXBuildFile; fileRef = AD1B2C4A18FFDEFF00C29EA4 /* SCSPersistentCFReadStreamPool.m */; };
		AD1B2C9E18FFDEFF00C29EA4 /* SCSPersistentCFReadStreamPool.m in Sources */ = {isa = PBXBuildFile; fileRef = AD1B2C4A18FFDEFF00C29EA4 /* SCSPersistentCFReadStreamPool.m */; };
		AD1B2CA018FFDEFF00C29EA4 /* SCSTransferRateCalculator.h in Headers */ = {isa = PBXBuildFile; fileRef = AD1B2C4B18FFDEFF00C29EA4 /* SCSTransferRateCalculator.h */; };
		AD1B2CA118FFDEFF00C29EA4 /* SCSTransferRateCalculator.m in Sources */ = {isa = PBXBuildFile; fileRef = AD1B2C4C18FFDEFF00C29EA4 /* SCSTransferRateCalculator.m */; };
		AD1B2CA318FFDEFF00C29EA4 /* SCSTransferRateCalculator.m in Sources */ = {isa = PBXBuildFile; fileRef = AD1B2C4C18FFDEFF00C29EA4 /* SCSTransferRateCalculator.m */; };
		AD1B2CA518FFDEFF00C29EA4 /* SCSAddBucketOperation.h in Headers */ = {isa = PBXBuildFile; fileRef = AD1B2C4E18FFDEFF00C29EA4 /* SCSAddBucketOperation.h */; };
		AD1B2CA618FFDEFF00C29EA4 /* SCSAddBucketOperation.m in Sources */ = {isa = PBXBuildFile; fileRef = AD1B2C4F18FFDEFF00C29EA4 /* SCSAddBucketOperation.m */; };
		AD1B2CA818FFDEFF00C29EA4 /* SCSAddBucketOperation.m in Sources */ = {isa = PBXBuildFile; fileRef = AD1B2C4F18FFDEFF00C29EA4 /* SCSAddBucketOperation.m */; };
		AD1B2CAA18FFDEFF00C29EA4 /* SCSDeleteBucketOperation.h in Headers */ = {isa = PBXBuildFile; fileRef = AD1B2C5018FFDEFF00C29EA4 /* SCSDeleteBucketOperation.h */; };
		AD1B2CAB18FFDEFF00C29EA4 /* SCSDeleteBucketOperation.m in Sources */ = {isa = PBXBuildFile; fileRef = AD1B2C5118FFDEFF00C29EA4 /* SCSDeleteBucketOperation.m */; };
		AD1B2CAD18FFDEFF00C29EA4 /* SCSDeleteBucketOperation.m in Sources */ = {isa = PBXBuildFile; fileRef = AD1B2C5118FFDEFF00C29EA4 /* SCSDeleteBucketOperation.m */; };
		AD1B2CAF18FFDEFF00C29EA4 /* SCSGetACLOperation.h in Headers */ = {isa = PBXBuildFile; fileRef = AD1B2C5218FFDEFF00C29EA4 /* SCSGetACLOperation.h */; };
		AD1B2CB018FFDEFF00C29EA4 /* SCSGetACLOperation.m in Sources */ = {isa = PBXBuildFile; fileRef = AD1B2C5318FFDEFF00C29EA4 /* SCSGetACLOperation.m */; };
		AD1B2CB218FFDEFF00C29EA4 /* SCSGetACLOperation.m in Sources */ = {isa = PBXBuildFile; fileRef = AD1B2C5318FFDEFF00C29EA4 /* SCSGetACLOperation.m */; };
		AD1B2CB418FFDEFF00C29EA4 /* SCSListBucketOperation.h in Headers */ = {isa = PBXBuildFile; fileRef = AD1B2C5418FFDEFF00C29EA4 /* SCSListBucketOperation.h */; };
		AD1B2CB518FFDEFF00C29EA4 /* SCSListBucketOperation.m in Sources */ = {isa = PBXBuildFile; fileRef = AD1B2C5518FFDEFF00C29EA4 /* SCSListBucketOperation.m */; };
		AD1B2CB718FFDEFF00C29EA4 /* SCSListBucketOperation.m in Sources */ = {isa = PBXBuildFile; fileRef = AD1B2C5518FFDEFF00C29EA4 /* SCSListBucketOperation.m */; };
		AD1B2CB918FFDEFF00C29EA4 /* SCSSetACLOperation.h in Headers */ = {isa = PBXBuildFile; fileRef = AD1B2C5618FFDEFF00C29EA4 /* SCSSetACLOperation.h */; };
		AD1B2CBA18FFDEFF00C29EA4 /* SCSSetACLOperation.m in Sources */ = {isa = PBXBuildFile; fileRef = AD1B2C5718FFDEFF00C29EA4 /* SCSSetACLOperation.m */; };
		AD1B2CBC18FFDEFF00C29EA4 /* SCSSetACLOperation.m in Sources */ = {isa = PBXBuildFile; fileRef = AD1B2C5718FFDEFF00C29EA4 /* SCSSetACLOperation.m */; };
		AD1B2CBE18FFDEFF00C29EA4 /* SCSAddObjectOperation.h in Headers */ = {isa = PBXBuildFile; fileRef = AD1B2C5918FFDEFF00C29EA4 /* SCSAddObjectOperation.h */; };
		AD1B2CBF18FFDEFF00C29EA4 /* SCSAddObjectOperation.m in Sources */ = {isa = PBXBuildFile; fileRef = AD1B2C5A18FFDEFF00C29EA4 /* SCSAddObjectOperation.m */; };
		AD1B2CC118FFDEFF00C29EA4 /* SCSAddObjectOperation.m in Sources */ = {isa = PBXBuildFile; fileRef = AD1B2C5A18FFDEFF00C29EA4 /* SCSAddObjectOperation.m */; };
		AD1B2CC318FFDEFF00C29EA4 /* SCSAddObjectRelaxOperation.h in Headers */ = {isa = PBXBuildFile; fileRef = AD1B2C5B18FFDEFF00C29EA4 /* SCSAddObjectRelaxOperation.h */; };
		AD1B2CC418FFDEFF00C29EA4 /* SCSAddObjectRelaxOperation.m in Sources */ = {isa = PBXBuildFile; fileRef = AD1B2C5C18FFDEFF00C29EA4 /* SCSAddObjectRelaxOperation.m */; };
		AD1B2CC618FFDEFF00C29EA4 /* SCSAddObjectRelaxOperation.m in Sources */ = {isa = PBXBuildFile; fileRef = AD1B2C5C18FFDEFF00C29EA4 /* SCSAddObjectRelaxOperation.m */; };
		AD1B2CC818FFDEFF00C29EA4 /* SCSCopyObjectOperation.h in Headers */ = {isa = PBXBuildFile; fileRef = AD1B2C5D18FFDEFF00C29EA4 /* SCSCopyObjectOperation.h */; };
		AD1B2CC918FFDEFF00C29EA4 /* SCSCopyObjectOperation.m in Sources */ = {isa = PBXBuildFile; fileRef = AD1B2C5E18FFDEFF00C29EA4 /* SCSCopyObjectOperation.m */; };
		AD1B2CCB18FFDEFF00C29EA4 /* SCSCopyObjectOperation.m in Sources */ = {isa = PBXBuildFile; fileRef = AD1B2C5E18FFDEFF00C29EA4 /* SCSCopyObjectOperation.m */; };
		AD1B2CCD18FFDEFF00C29EA4 /* SCSDeleteObjectOperation.h in Headers */ = {isa = PBXBuildFile; fileRef = AD1B2C5F18FFDEFF00C29EA4 /* SCSDeleteObjectOperation.h */; };
		AD1B2CCE18FFDEFF00C29EA4 /* SCSDeleteObjectOperation.m in Sources */ = {isa = PBXBuildFile; fileRef = AD1B2C6018FFDEFF00C29EA4 /* SCSDeleteObjectOperation.m */; };
		AD1B2CD018FFDEFF00C29EA4 /* SCSDeleteObjectOperation.m in Sources */ = {isa = PBXBuildFile; fileRef = AD1B2C6018FFDEFF00C29EA4 /* SCSDeleteObjectOperation.m */; };
		AD1B2CD218FFDEFF00C29EA4 /* SCSDownloadObjectOperation.h in Headers */ = {isa = PBXBuildFile; fileRef = AD1B2C6118FFDEFF00C29EA4 /* SCSDownloadObjectOperation.h */; };
		AD1B2CD318FFDEFF00C29EA4 /* SCSDownloadObjectOperation.m in Sources */ = {isa = PBXBuildFile; fileRef = AD1B2C6218FFDEFF00C29EA4 /* SCSDownloadObjectOperation.m */; };
		AD1B2CD518FFDEFF00C29EA4 /* SCSDownloadObjectOperation.m in Sources */ = {isa = PBXBuildFile; fileRef = AD1B2C6218FFDEFF00C29EA4 /* SCSDownloadObjectOperation.m */; };
		AD1B2CD718FFDEFF00C29EA4 /* SCSGetInfoObjectOperation.h in Headers */ = {isa = PBXBuildFile; fileRef = AD1B2C6318FFDEFF00C29EA4 /* SCSGetInfoObjectOperation.h */; };
		AD1B2CD818FFDEFF00C29EA4 /* SCSGetInfoObjectOperation.m in Sources */ = {isa = PBXBuildFile; fileRef = AD1B2C6418FFDEFF00C29EA4 /* SCSGetInfoObjectOperation.m */; };
		AD1B2CDA18FFDEFF00C29EA4 /* SCSGetInfoObjectOperation.m in Sources */ = {isa = PBXBuildFile; fileRef = AD1B2C6418FFDEFF00C29EA4 /* SCSGetInfoObjectOperation.m */; };
		AD1B2CDC18FFDEFF00C29EA4 /* SCSListObjectOperation.h in Headers */ = {isa = PBXBuildFile; fileRef = AD1B2C6518FFDEFF00C29EA4 /* SCSListObjectOperation.h */; };
		AD1B2CDD18FFDEFF00C29EA4 /* SCSListObjectOperation.m in Sources */ = {isa = PBXBuildFile; fileRef = AD1B2C6618FFDEFF00C29EA4 /* SCSListObjectOperation.m */; };
		AD1B2CDF18FFDEFF00C29EA4 /* SCSListObjectOperation.m in Sources */ = {isa = PBXBuildFile; fileRef = AD1B2C6618FFDEFF00C29EA4 /* SCSListObjectOperation.m */; };
		AD1B2CE118FFDEFF00C29EA4 /* SCSUpdateObjectOperation.h in Headers */ = {isa = PBXBuildFile; fileRef = AD1B2C6718FFDEFF00C29EA4 /* SCSUpdateObjectOperation.h */; };
		AD1B2CE218FFDEFF00C29EA4 /* SCSUpdateObjectOperation.m in Sources */ = {isa = PBXBuildFile; fileRef = AD1B2C6818FFDEFF00C29EA4 /* SCSUpdateObjectOperation.m */; };
		AD1B2CE418FFDEFF00C29EA4 /* SCSUpdateObjectOperation.m in Sources */ = {isa = PBXBuildFile; fileRef = AD1B2C6818FFDEFF00C29EA4 /* SCSUpdateObjectOperation.m */; };
		AD2E977E18F668920017D61C /* Foundation.framework in Frameworks */ = {isa = PBXBuildFile; fileRef = AD2E977D18F668920017D61C /* Foundation.framework */; };
		AD2E97A718F668A00017D61C /* Cocoa.framework in Frameworks */ = {isa = PBXBuildFile; fileRef = AD2E97A618F668A00017D61C /* Cocoa.framework */; };
		AD9EBDCB18F68DC7006C59A8 /* SCSSDK.h in Headers */ = {isa = PBXBuildFile; fileRef = AD9EBDCA18F68DC7006C59A8 /* SCSSDK.h */; };
/* End PBXBuildFile section */

/* Begin PBXCopyFilesBuildPhase section */
		AD2E977818F668920017D61C /* Copy Files */ = {
			isa = PBXCopyFilesBuildPhase;
			buildActionMask = 12;
			dstPath = "include/$(PRODUCT_NAME)";
			dstSubfolderSpec = 16;
			files = (
			);
			name = "Copy Files";
			runOnlyForDeploymentPostprocessing = 0;
		};
/* End PBXCopyFilesBuildPhase section */

/* Begin PBXFileReference section */
		AD1B2C3518FFDEFE00C29EA4 /* SCSACL.h */ = {isa = PBXFileReference; fileEncoding = 4; lastKnownFileType = sourcecode.c.h; path = SCSACL.h; sourceTree = "<group>"; };
		AD1B2C3618FFDEFE00C29EA4 /* SCSACL.m */ = {isa = PBXFileReference; fileEncoding = 4; lastKnownFileType = sourcecode.c.objc; path = SCSACL.m; sourceTree = "<group>"; };
		AD1B2C3718FFDEFE00C29EA4 /* SCSBucket.h */ = {isa = PBXFileReference; fileEncoding = 4; lastKnownFileType = sourcecode.c.h; path = SCSBucket.h; sourceTree = "<group>"; };
		AD1B2C3818FFDEFF00C29EA4 /* SCSBucket.m */ = {isa = PBXFileReference; fileEncoding = 4; lastKnownFileType = sourcecode.c.objc; path = SCSBucket.m; sourceTree = "<group>"; };
		AD1B2C3918FFDEFF00C29EA4 /* SCSConnectionInfo.h */ = {isa = PBXFileReference; fileEncoding = 4; lastKnownFileType = sourcecode.c.h; path = SCSConnectionInfo.h; sourceTree = "<group>"; };
		AD1B2C3A18FFDEFF00C29EA4 /* SCSConnectionInfo.m */ = {isa = PBXFileReference; fileEncoding = 4; lastKnownFileType = sourcecode.c.objc; path = SCSConnectionInfo.m; sourceTree = "<group>"; };
		AD1B2C3B18FFDEFF00C29EA4 /* SCSExtensions.h */ = {isa = PBXFileReference; fileEncoding = 4; lastKnownFileType = sourcecode.c.h; path = SCSExtensions.h; sourceTree = "<group>"; };
		AD1B2C3C18FFDEFF00C29EA4 /* SCSExtensions.m */ = {isa = PBXFileReference; fileEncoding = 4; lastKnownFileType = sourcecode.c.objc; path = SCSExtensions.m; sourceTree = "<group>"; };
		AD1B2C3D18FFDEFF00C29EA4 /* SCSHTTPURLBuilder.h */ = {isa = PBXFileReference; fileEncoding = 4; lastKnownFileType = sourcecode.c.h; path = SCSHTTPURLBuilder.h; sourceTree = "<group>"; };
		AD1B2C3E18FFDEFF00C29EA4 /* SCSHTTPURLBuilder.m */ = {isa = PBXFileReference; fileEncoding = 4; lastKnownFileType = sourcecode.c.objc; path = SCSHTTPURLBuilder.m; sourceTree = "<group>"; };
		AD1B2C3F18FFDEFF00C29EA4 /* SCSMutableConnectionInfo.h */ = {isa = PBXFileReference; fileEncoding = 4; lastKnownFileType = sourcecode.c.h; path = SCSMutableConnectionInfo.h; sourceTree = "<group>"; };
		AD1B2C4018FFDEFF00C29EA4 /* SCSMutableConnectionInfo.m */ = {isa = PBXFileReference; fileEncoding = 4; lastKnownFileType = sourcecode.c.objc; path = SCSMutableConnectionInfo.m; sourceTree = "<group>"; };
		AD1B2C4118FFDEFF00C29EA4 /* SCSObject.h */ = {isa = PBXFileReference; fileEncoding = 4; lastKnownFileType = sourcecode.c.h; path = SCSObject.h; sourceTree = "<group>"; };
		AD1B2C4218FFDEFF00C29EA4 /* SCSObject.m */ = {isa = PBXFileReference; fileEncoding = 4; lastKnownFileType = sourcecode.c.objc; path = SCSObject.m; sourceTree = "<group>"; };
		AD1B2C4318FFDEFF00C29EA4 /* SCSOperation.h */ = {isa = PBXFileReference; fileEncoding = 4; lastKnownFileType = sourcecode.c.h; path = SCSOperation.h; sourceTree = "<group>"; };
		AD1B2C4418FFDEFF00C29EA4 /* SCSOperation.m */ = {isa = PBXFileReference; fileEncoding = 4; lastKnownFileType = sourcecode.c.objc; path = SCSOperation.m; sourceTree = "<group>"; };
		AD1B2C4518FFDEFF00C29EA4 /* SCSOperationQueue.h */ = {isa = PBXFileReference; fileEncoding = 4; lastKnownFileType = sourcecode.c.h; path = SCSOperationQueue.h; sourceTree = "<group>"; };
		AD1B2C4618FFDEFF00C29EA4 /* SCSOperationQueue.m */ = {isa = PBXFileReference; fileEncoding = 4; lastKnownFileType = sourcecode.c.objc; path = SCSOperationQueue.m; sourceTree = "<group>"; };
		AD1B2C4718FFDEFF00C29EA4 /* SCSOwner.h */ = {isa = PBXFileReference; fileEncoding = 4; lastKnownFileType = sourcecode.c.h; path = SCSOwner.h; sourceTree = "<group>"; };
		AD1B2C4818FFDEFF00C29EA4 /* SCSOwner.m */ = {isa = PBXFileReference; fileEncoding = 4; lastKnownFileType = sourcecode.c.objc; path = SCSOwner.m; sourceTree = "<group>"; };
		AD1B2C4918FFDEFF00C29EA4 /* SCSPersistentCFReadStreamPool.h */ = {isa = PBXFileReference; fileEncoding = 4; lastKnownFileType = sourcecode.c.h; path = SCSPersistentCFReadStreamPool.h; sourceTree = "<group>"; };
		AD1B2C4A18FFDEFF00C29EA4 /* SCSPersistentCFReadStreamPool.m */ = {isa = PBXFileReference; fileEncoding = 4; lastKnownFileType = sourcecode.c.objc; path = SCSPersistentCFReadStreamPool.m; sourceTree = "<group>"; };
		AD1B2C4B18FFDEFF00C29EA4 /* SCSTransferRateCalculator.h */ = {isa = PBXFileReference; fileEncoding = 4; lastKnownFileType = sourcecode.c.h; path = SCSTransferRateCalculator.h; sourceTree = "<group>"; };
		AD1B2C4C18FFDEFF00C29EA4 /* SCSTransferRateCalculator.m */ = {isa = PBXFileReference; fileEncoding = 4; lastKnownFileType = sourcecode.c.objc; path = SCSTransferRateCalculator.m; sourceTree = "<group>"; };
		AD1B2C4E18FFDEFF00C29EA4 /* SCSAddBucketOperation.h */ = {isa = PBXFileReference; fileEncoding = 4; lastKnownFileType = sourcecode.c.h; path = SCSAddBucketOperation.h; sourceTree = "<group>"; };
		AD1B2C4F18FFDEFF00C29EA4 /* SCSAddBucketOperation.m */ = {isa = PBXFileReference; fileEncoding = 4; lastKnownFileType = sourcecode.c.objc; path = SCSAddBucketOperation.m; sourceTree = "<group>"; };
		AD1B2C5018FFDEFF00C29EA4 /* SCSDeleteBucketOperation.h */ = {isa = PBXFileReference; fileEncoding = 4; lastKnownFileType = sourcecode.c.h; path = SCSDeleteBucketOperation.h; sourceTree = "<group>"; };
		AD1B2C5118FFDEFF00C29EA4 /* SCSDeleteBucketOperation.m */ = {isa = PBXFileReference; fileEncoding = 4; lastKnownFileType = sourcecode.c.objc; path = SCSDeleteBucketOperation.m; sourceTree = "<group>"; };
		AD1B2C5218FFDEFF00C29EA4 /* SCSGetACLOperation.h */ = {isa = PBXFileReference; fileEncoding = 4; lastKnownFileType = sourcecode.c.h; path = SCSGetACLOperation.h; sourceTree = "<group>"; };
		AD1B2C5318FFDEFF00C29EA4 /* SCSGetACLOperation.m */ = {isa = PBXFileReference; fileEncoding = 4; lastKnownFileType = sourcecode.c.objc; path = SCSGetACLOperation.m; sourceTree = "<group>"; };
		AD1B2C5418FFDEFF00C29EA4 /* SCSListBucketOperation.h */ = {isa = PBXFileReference; fileEncoding = 4; lastKnownFileType = sourcecode.c.h; path = SCSListBucketOperation.h; sourceTree = "<group>"; };
		AD1B2C5518FFDEFF00C29EA4 /* SCSListBucketOperation.m */ = {isa = PBXFileReference; fileEncoding = 4; lastKnownFileType = sourcecode.c.objc; path = SCSListBucketOperation.m; sourceTree = "<group>"; };
		AD1B2C5618FFDEFF00C29EA4 /* SCSSetACLOperation.h */ = {isa = PBXFileReference; fileEncoding = 4; lastKnownFileType = sourcecode.c.h; path = SCSSetACLOperation.h; sourceTree = "<group>"; };
		AD1B2C5718FFDEFF00C29EA4 /* SCSSetACLOperation.m */ = {isa = PBXFileReference; fileEncoding = 4; lastKnownFileType = sourcecode.c.objc; path = SCSSetACLOperation.m; sourceTree = "<group>"; };
		AD1B2C5918FFDEFF00C29EA4 /* SCSAddObjectOperation.h */ = {isa = PBXFileReference; fileEncoding = 4; lastKnownFileType = sourcecode.c.h; path = SCSAddObjectOperation.h; sourceTree = "<group>"; };
		AD1B2C5A18FFDEFF00C29EA4 /* SCSAddObjectOperation.m */ = {isa = PBXFileReference; fileEncoding = 4; lastKnownFileType = sourcecode.c.objc; path = SCSAddObjectOperation.m; sourceTree = "<group>"; };
		AD1B2C5B18FFDEFF00C29EA4 /* SCSAddObjectRelaxOperation.h */ = {isa = PBXFileReference; fileEncoding = 4; lastKnownFileType = sourcecode.c.h; path = SCSAddObjectRelaxOperation.h; sourceTree = "<group>"; };
		AD1B2C5C18FFDEFF00C29EA4 /* SCSAddObjectRelaxOperation.m */ = {isa = PBXFileReference; fileEncoding = 4; lastKnownFileType = sourcecode.c.objc; path = SCSAddObjectRelaxOperation.m; sourceTree = "<group>"; };
		AD1B2C5D18FFDEFF00C29EA4 /* SCSCopyObjectOperation.h */ = {isa = PBXFileReference; fileEncoding = 4; lastKnownFileType = sourcecode.c.h; path = SCSCopyObjectOperation.h; sourceTree = "<group>"; };
		AD1B2C5E18FFDEFF00C29EA4 /* SCSCopyObjectOperation.m */ = {isa = PBXFileReference; fileEncoding = 4; lastKnownFileType = sourcecode.c.objc; path = SCSCopyObjectOperation.m; sourceTree = "<group>"; };
		AD1B2C5F18FFDEFF00C29EA4 /* SCSDeleteObjectOperation.h */ = {isa = PBXFileReference; fileEncoding = 4; lastKnownFileType = sourcecode.c.h; path = SCSDeleteObjectOperation.h; sourceTree = "<group>"; };
		AD1B2C6018FFDEFF00C29EA4 /* SCSDeleteObjectOperation.m */ = {isa = PBXFileReference; fileEncoding = 4; lastKnownFileType = sourcecode.c.objc; path = SCSDeleteObjectOperation.m; sourceTree = "<group>"; };
		AD1B2C6118FFDEFF00C29EA4 /* SCSDownloadObjectOperation.h */ = {isa = PBXFileReference; fileEncoding = 4; lastKnownFileType = sourcecode.c.h; path = SCSDownloadObjectOperation.h; sourceTree = "<group>"; };
		AD1B2C6218FFDEFF00C29EA4 /* SCSDownloadObjectOperation.m */ = {isa = PBXFileReference; fileEncoding = 4; lastKnownFileType = sourcecode.c.objc; path = SCSDownloadObjectOperation.m; sourceTree = "<group>"; };
		AD1B2C6318FFDEFF00C29EA4 /* SCSGetInfoObjectOperation.h */ = {isa = PBXFileReference; fileEncoding = 4; lastKnownFileType = sourcecode.c.h; path = SCSGetInfoObjectOperation.h; sourceTree = "<group>"; };
		AD1B2C6418FFDEFF00C29EA4 /* SCSGetInfoObjectOperation.m */ = {isa = PBXFileReference; fileEncoding = 4; lastKnownFileType = sourcecode.c.objc; path = SCSGetInfoObjectOperation.m; sourceTree = "<group>"; };
		AD1B2C6518FFDEFF00C29EA4 /* SCSListObjectOperation.h */ = {isa = PBXFileReference; fileEncoding = 4; lastKnownFileType = sourcecode.c.h; path = SCSListObjectOperation.h; sourceTree = "<group>"; };
		AD1B2C6618FFDEFF00C29EA4 /* SCSListObjectOperation.m */ = {isa = PBXFileReference; fileEncoding = 4; lastKnownFileType = sourcecode.c.objc; path = SCSListObjectOperation.m; sourceTree = "<group>"; };
		AD1B2C6718FFDEFF00C29EA4 /* SCSUpdateObjectOperation.h */ = {isa = PBXFileReference; fileEncoding = 4; lastKnownFileType = sourcecode.c.h; path = SCSUpdateObjectOperation.h; sourceTree = "<group>"; };
		AD1B2C6818FFDEFF00C29EA4 /* SCSUpdateObjectOperation.m */ = {isa = PBXFileReference; fileEncoding = 4; lastKnownFileType = sourcecode.c.objc; path = SCSUpdateObjectOperation.m; sourceTree = "<group>"; };
		AD2E977A18F668920017D61C /* libSCSSDK_IOS.a */ = {isa = PBXFileReference; explicitFileType = archive.ar; includeInIndex = 0; path = libSCSSDK_IOS.a; sourceTree = BUILT_PRODUCTS_DIR; };
		AD2E977D18F668920017D61C /* Foundation.framework */ = {isa = PBXFileReference; lastKnownFileType = wrapper.framework; name = Foundation.framework; path = System/Library/Frameworks/Foundation.framework; sourceTree = SDKROOT; };
		AD2E978118F668920017D61C /* SCSSDK_IOS-Prefix.pch */ = {isa = PBXFileReference; lastKnownFileType = sourcecode.c.h; path = "SCSSDK_IOS-Prefix.pch"; sourceTree = "<group>"; };
		AD2E978B18F668920017D61C /* XCTest.framework */ = {isa = PBXFileReference; lastKnownFileType = wrapper.framework; name = XCTest.framework; path = Library/Frameworks/XCTest.framework; sourceTree = DEVELOPER_DIR; };
		AD2E978E18F668920017D61C /* UIKit.framework */ = {isa = PBXFileReference; lastKnownFileType = wrapper.framework; name = UIKit.framework; path = Library/Frameworks/UIKit.framework; sourceTree = DEVELOPER_DIR; };
		AD2E97A518F668A00017D61C /* libSCSSDK_OSX.a */ = {isa = PBXFileReference; explicitFileType = archive.ar; includeInIndex = 0; path = libSCSSDK_OSX.a; sourceTree = BUILT_PRODUCTS_DIR; };
		AD2E97A618F668A00017D61C /* Cocoa.framework */ = {isa = PBXFileReference; lastKnownFileType = wrapper.framework; name = Cocoa.framework; path = System/Library/Frameworks/Cocoa.framework; sourceTree = SDKROOT; };
		AD2E97A918F668A00017D61C /* Foundation.framework */ = {isa = PBXFileReference; lastKnownFileType = wrapper.framework; name = Foundation.framework; path = System/Library/Frameworks/Foundation.framework; sourceTree = SDKROOT; };
		AD2E97AA18F668A00017D61C /* CoreData.framework */ = {isa = PBXFileReference; lastKnownFileType = wrapper.framework; name = CoreData.framework; path = System/Library/Frameworks/CoreData.framework; sourceTree = SDKROOT; };
		AD2E97AB18F668A00017D61C /* AppKit.framework */ = {isa = PBXFileReference; lastKnownFileType = wrapper.framework; name = AppKit.framework; path = System/Library/Frameworks/AppKit.framework; sourceTree = SDKROOT; };
		AD2E97AE18F668A00017D61C /* SCSSDK_OSX-Prefix.pch */ = {isa = PBXFileReference; lastKnownFileType = sourcecode.c.h; name = "SCSSDK_OSX-Prefix.pch"; path = "../SCSSDK_OSX/SCSSDK_OSX-Prefix.pch"; sourceTree = "<group>"; };
		AD9EBDCA18F68DC7006C59A8 /* SCSSDK.h */ = {isa = PBXFileReference; fileEncoding = 4; lastKnownFileType = sourcecode.c.h; path = SCSSDK.h; sourceTree = "<group>"; };
/* End PBXFileReference section */

/* Begin PBXFrameworksBuildPhase section */
		AD2E977718F668920017D61C /* Frameworks */ = {
			isa = PBXFrameworksBuildPhase;
			buildActionMask = 2147483647;
			files = (
				AD2E977E18F668920017D61C /* Foundation.framework in Frameworks */,
			);
			runOnlyForDeploymentPostprocessing = 0;
		};
		AD2E97A218F668A00017D61C /* Frameworks */ = {
			isa = PBXFrameworksBuildPhase;
			buildActionMask = 2147483647;
			files = (
				AD2E97A718F668A00017D61C /* Cocoa.framework in Frameworks */,
			);
			runOnlyForDeploymentPostprocessing = 0;
		};
/* End PBXFrameworksBuildPhase section */

/* Begin PBXGroup section */
		AD1B2C3418FFDEFE00C29EA4 /* base_classes */ = {
			isa = PBXGroup;
			children = (
				AD1B2C3518FFDEFE00C29EA4 /* SCSACL.h */,
				AD1B2C3618FFDEFE00C29EA4 /* SCSACL.m */,
				AD1B2C3718FFDEFE00C29EA4 /* SCSBucket.h */,
				AD1B2C3818FFDEFF00C29EA4 /* SCSBucket.m */,
				AD1B2C3918FFDEFF00C29EA4 /* SCSConnectionInfo.h */,
				AD1B2C3A18FFDEFF00C29EA4 /* SCSConnectionInfo.m */,
				AD1B2C3B18FFDEFF00C29EA4 /* SCSExtensions.h */,
				AD1B2C3C18FFDEFF00C29EA4 /* SCSExtensions.m */,
				AD1B2C3D18FFDEFF00C29EA4 /* SCSHTTPURLBuilder.h */,
				AD1B2C3E18FFDEFF00C29EA4 /* SCSHTTPURLBuilder.m */,
				AD1B2C3F18FFDEFF00C29EA4 /* SCSMutableConnectionInfo.h */,
				AD1B2C4018FFDEFF00C29EA4 /* SCSMutableConnectionInfo.m */,
				AD1B2C4118FFDEFF00C29EA4 /* SCSObject.h */,
				AD1B2C4218FFDEFF00C29EA4 /* SCSObject.m */,
				AD1B2C4318FFDEFF00C29EA4 /* SCSOperation.h */,
				AD1B2C4418FFDEFF00C29EA4 /* SCSOperation.m */,
				AD1B2C4518FFDEFF00C29EA4 /* SCSOperationQueue.h */,
				AD1B2C4618FFDEFF00C29EA4 /* SCSOperationQueue.m */,
				AD1B2C4718FFDEFF00C29EA4 /* SCSOwner.h */,
				AD1B2C4818FFDEFF00C29EA4 /* SCSOwner.m */,
				AD1B2C4918FFDEFF00C29EA4 /* SCSPersistentCFReadStreamPool.h */,
				AD1B2C4A18FFDEFF00C29EA4 /* SCSPersistentCFReadStreamPool.m */,
				AD1B2C4B18FFDEFF00C29EA4 /* SCSTransferRateCalculator.h */,
				AD1B2C4C18FFDEFF00C29EA4 /* SCSTransferRateCalculator.m */,
			);
			path = base_classes;
			sourceTree = "<group>";
		};
		AD1B2C4D18FFDEFF00C29EA4 /* buckets_operations */ = {
			isa = PBXGroup;
			children = (
				AD1B2C4E18FFDEFF00C29EA4 /* SCSAddBucketOperation.h */,
				AD1B2C4F18FFDEFF00C29EA4 /* SCSAddBucketOperation.m */,
				AD1B2C5018FFDEFF00C29EA4 /* SCSDeleteBucketOperation.h */,
				AD1B2C5118FFDEFF00C29EA4 /* SCSDeleteBucketOperation.m */,
				AD1B2C5218FFDEFF00C29EA4 /* SCSGetACLOperation.h */,
				AD1B2C5318FFDEFF00C29EA4 /* SCSGetACLOperation.m */,
				AD1B2C5418FFDEFF00C29EA4 /* SCSListBucketOperation.h */,
				AD1B2C5518FFDEFF00C29EA4 /* SCSListBucketOperation.m */,
				AD1B2C5618FFDEFF00C29EA4 /* SCSSetACLOperation.h */,
				AD1B2C5718FFDEFF00C29EA4 /* SCSSetACLOperation.m */,
			);
			path = buckets_operations;
			sourceTree = "<group>";
		};
		AD1B2C5818FFDEFF00C29EA4 /* objects_operations */ = {
			isa = PBXGroup;
			children = (
				AD1B2C5918FFDEFF00C29EA4 /* SCSAddObjectOperation.h */,
				AD1B2C5A18FFDEFF00C29EA4 /* SCSAddObjectOperation.m */,
				AD1B2C5B18FFDEFF00C29EA4 /* SCSAddObjectRelaxOperation.h */,
				AD1B2C5C18FFDEFF00C29EA4 /* SCSAddObjectRelaxOperation.m */,
				AD1B2C5D18FFDEFF00C29EA4 /* SCSCopyObjectOperation.h */,
				AD1B2C5E18FFDEFF00C29EA4 /* SCSCopyObjectOperation.m */,
				AD1B2C5F18FFDEFF00C29EA4 /* SCSDeleteObjectOperation.h */,
				AD1B2C6018FFDEFF00C29EA4 /* SCSDeleteObjectOperation.m */,
				AD1B2C6118FFDEFF00C29EA4 /* SCSDownloadObjectOperation.h */,
				AD1B2C6218FFDEFF00C29EA4 /* SCSDownloadObjectOperation.m */,
				AD1B2C6318FFDEFF00C29EA4 /* SCSGetInfoObjectOperation.h */,
				AD1B2C6418FFDEFF00C29EA4 /* SCSGetInfoObjectOperation.m */,
				AD1B2C6518FFDEFF00C29EA4 /* SCSListObjectOperation.h */,
				AD1B2C6618FFDEFF00C29EA4 /* SCSListObjectOperation.m */,
				AD1B2C6718FFDEFF00C29EA4 /* SCSUpdateObjectOperation.h */,
				AD1B2C6818FFDEFF00C29EA4 /* SCSUpdateObjectOperation.m */,
			);
			path = objects_operations;
			sourceTree = "<group>";
		};
		AD2E976F18F6687B0017D61C = {
			isa = PBXGroup;
			children = (
				AD2E97CA18F668B70017D61C /* SCSSDK */,
				AD2E977C18F668920017D61C /* Frameworks */,
				AD2E977B18F668920017D61C /* Products */,
			);
			sourceTree = "<group>";
		};
		AD2E977B18F668920017D61C /* Products */ = {
			isa = PBXGroup;
			children = (
				AD2E977A18F668920017D61C /* libSCSSDK_IOS.a */,
				AD2E97A518F668A00017D61C /* libSCSSDK_OSX.a */,
			);
			name = Products;
			sourceTree = "<group>";
		};
		AD2E977C18F668920017D61C /* Frameworks */ = {
			isa = PBXGroup;
			children = (
				AD2E977D18F668920017D61C /* Foundation.framework */,
				AD2E978B18F668920017D61C /* XCTest.framework */,
				AD2E978E18F668920017D61C /* UIKit.framework */,
				AD2E97A618F668A00017D61C /* Cocoa.framework */,
				AD2E97A818F668A00017D61C /* Other Frameworks */,
			);
			name = Frameworks;
			sourceTree = "<group>";
		};
		AD2E978018F668920017D61C /* Supporting Files */ = {
			isa = PBXGroup;
			children = (
				AD2E97AE18F668A00017D61C /* SCSSDK_OSX-Prefix.pch */,
				AD2E978118F668920017D61C /* SCSSDK_IOS-Prefix.pch */,
			);
			name = "Supporting Files";
			path = SCSSDK_IOS;
			sourceTree = "<group>";
		};
		AD2E97A818F668A00017D61C /* Other Frameworks */ = {
			isa = PBXGroup;
			children = (
				AD2E97A918F668A00017D61C /* Foundation.framework */,
				AD2E97AA18F668A00017D61C /* CoreData.framework */,
				AD2E97AB18F668A00017D61C /* AppKit.framework */,
			);
			name = "Other Frameworks";
			sourceTree = "<group>";
		};
		AD2E97CA18F668B70017D61C /* SCSSDK */ = {
			isa = PBXGroup;
			children = (
				AD1B2C3418FFDEFE00C29EA4 /* base_classes */,
				AD1B2C4D18FFDEFF00C29EA4 /* buckets_operations */,
				AD1B2C5818FFDEFF00C29EA4 /* objects_operations */,
				AD9EBDCA18F68DC7006C59A8 /* SCSSDK.h */,
				AD2E978018F668920017D61C /* Supporting Files */,
			);
			name = SCSSDK;
			sourceTree = "<group>";
		};
/* End PBXGroup section */

/* Begin PBXHeadersBuildPhase section */
		AD2E97A318F668A00017D61C /* Headers */ = {
			isa = PBXHeadersBuildPhase;
			buildActionMask = 2147483647;
			files = (
				AD1B2CC318FFDEFF00C29EA4 /* SCSAddObjectRelaxOperation.h in Headers */,
				AD1B2CA018FFDEFF00C29EA4 /* SCSTransferRateCalculator.h in Headers */,
				AD1B2CCD18FFDEFF00C29EA4 /* SCSDeleteObjectOperation.h in Headers */,
				AD1B2C8218FFDEFF00C29EA4 /* SCSMutableConnectionInfo.h in Headers */,
				AD1B2C8C18FFDEFF00C29EA4 /* SCSOperation.h in Headers */,
				AD1B2C8718FFDEFF00C29EA4 /* SCSObject.h in Headers */,
				AD1B2CDC18FFDEFF00C29EA4 /* SCSListObjectOperation.h in Headers */,
				AD1B2CB918FFDEFF00C29EA4 /* SCSSetACLOperation.h in Headers */,
				AD1B2CC818FFDEFF00C29EA4 /* SCSCopyObjectOperation.h in Headers */,
				AD1B2CAF18FFDEFF00C29EA4 /* SCSGetACLOperation.h in Headers */,
				AD1B2C6E18FFDEFF00C29EA4 /* SCSBucket.h in Headers */,
				AD1B2C9118FFDEFF00C29EA4 /* SCSOperationQueue.h in Headers */,
				AD1B2CA518FFDEFF00C29EA4 /* SCSAddBucketOperation.h in Headers */,
				AD1B2CAA18FFDEFF00C29EA4 /* SCSDeleteBucketOperation.h in Headers */,
				AD1B2CD218FFDEFF00C29EA4 /* SCSDownloadObjectOperation.h in Headers */,
				AD1B2CD718FFDEFF00C29EA4 /* SCSGetInfoObjectOperation.h in Headers */,
				AD9EBDCB18F68DC7006C59A8 /* SCSSDK.h in Headers */,
				AD1B2C9618FFDEFF00C29EA4 /* SCSOwner.h in Headers */,
				AD1B2C7318FFDEFF00C29EA4 /* SCSConnectionInfo.h in Headers */,
				AD1B2C7818FFDEFF00C29EA4 /* SCSExtensions.h in Headers */,
				AD1B2C7D18FFDEFF00C29EA4 /* SCSHTTPURLBuilder.h in Headers */,
				AD1B2C9B18FFDEFF00C29EA4 /* SCSPersistentCFReadStreamPool.h in Headers */,
				AD1B2CE118FFDEFF00C29EA4 /* SCSUpdateObjectOperation.h in Headers */,
				AD1B2CB418FFDEFF00C29EA4 /* SCSListBucketOperation.h in Headers */,
				AD1B2C6918FFDEFF00C29EA4 /* SCSACL.h in Headers */,
				AD1B2CBE18FFDEFF00C29EA4 /* SCSAddObjectOperation.h in Headers */,
			);
			runOnlyForDeploymentPostprocessing = 0;
		};
/* End PBXHeadersBuildPhase section */

/* Begin PBXNativeTarget section */
		AD2E977918F668920017D61C /* SCSSDK_IOS */ = {
			isa = PBXNativeTarget;
			buildConfigurationList = AD2E979B18F668920017D61C /* Build configuration list for PBXNativeTarget "SCSSDK_IOS" */;
			buildPhases = (
				AD2E977618F668920017D61C /* Sources */,
				AD2E977718F668920017D61C /* Frameworks */,
				AD2E977818F668920017D61C /* Copy Files */,
			);
			buildRules = (
			);
			dependencies = (
			);
			name = SCSSDK_IOS;
			productName = SCSSDK_IOS;
			productReference = AD2E977A18F668920017D61C /* libSCSSDK_IOS.a */;
			productType = "com.apple.product-type.library.static";
		};
		AD2E97A418F668A00017D61C /* SCSSDK_OSX */ = {
			isa = PBXNativeTarget;
			buildConfigurationList = AD2E97C418F668A00017D61C /* Build configuration list for PBXNativeTarget "SCSSDK_OSX" */;
			buildPhases = (
				AD2E97A118F668A00017D61C /* Sources */,
				AD2E97A218F668A00017D61C /* Frameworks */,
				AD2E97A318F668A00017D61C /* Headers */,
			);
			buildRules = (
			);
			dependencies = (
			);
			name = SCSSDK_OSX;
			productName = SCSSDK_OSX;
			productReference = AD2E97A518F668A00017D61C /* libSCSSDK_OSX.a */;
			productType = "com.apple.product-type.library.static";
		};
/* End PBXNativeTarget section */

/* Begin PBXProject section */
		AD2E977018F6687B0017D61C /* Project object */ = {
			isa = PBXProject;
			attributes = {
				LastUpgradeCheck = 0500;
			};
			buildConfigurationList = AD2E977318F6687B0017D61C /* Build configuration list for PBXProject "SCSSDK" */;
			compatibilityVersion = "Xcode 3.2";
			developmentRegion = English;
			hasScannedForEncodings = 0;
			knownRegions = (
				en,
			);
			mainGroup = AD2E976F18F6687B0017D61C;
			productRefGroup = AD2E977B18F668920017D61C /* Products */;
			projectDirPath = "";
			projectRoot = "";
			targets = (
				AD2E977918F668920017D61C /* SCSSDK_IOS */,
				AD2E97A418F668A00017D61C /* SCSSDK_OSX */,
			);
		};
/* End PBXProject section */

/* Begin PBXSourcesBuildPhase section */
		AD2E977618F668920017D61C /* Sources */ = {
			isa = PBXSourcesBuildPhase;
			buildActionMask = 2147483647;
			files = (
				AD1B2C6F18FFDEFF00C29EA4 /* SCSBucket.m in Sources */,
				AD1B2C7E18FFDEFF00C29EA4 /* SCSHTTPURLBuilder.m in Sources */,
				AD1B2CAB18FFDEFF00C29EA4 /* SCSDeleteBucketOperation.m in Sources */,
				AD1B2C6A18FFDEFF00C29EA4 /* SCSACL.m in Sources */,
				AD1B2CA618FFDEFF00C29EA4 /* SCSAddBucketOperation.m in Sources */,
				AD1B2CC418FFDEFF00C29EA4 /* SCSAddObjectRelaxOperation.m in Sources */,
				AD1B2C8318FFDEFF00C29EA4 /* SCSMutableConnectionInfo.m in Sources */,
				AD1B2C9718FFDEFF00C29EA4 /* SCSOwner.m in Sources */,
				AD1B2CB518FFDEFF00C29EA4 /* SCSListBucketOperation.m in Sources */,
				AD1B2CA118FFDEFF00C29EA4 /* SCSTransferRateCalculator.m in Sources */,
				AD1B2CD818FFDEFF00C29EA4 /* SCSGetInfoObjectOperation.m in Sources */,
				AD1B2CB018FFDEFF00C29EA4 /* SCSGetACLOperation.m in Sources */,
				AD1B2CBA18FFDEFF00C29EA4 /* SCSSetACLOperation.m in Sources */,
				AD1B2CBF18FFDEFF00C29EA4 /* SCSAddObjectOperation.m in Sources */,
				AD1B2C7918FFDEFF00C29EA4 /* SCSExtensions.m in Sources */,
				AD1B2CDD18FFDEFF00C29EA4 /* SCSListObjectOperation.m in Sources */,
				AD1B2C9C18FFDEFF00C29EA4 /* SCSPersistentCFReadStreamPool.m in Sources */,
				AD1B2CD318FFDEFF00C29EA4 /* SCSDownloadObjectOperation.m in Sources */,
				AD1B2CC918FFDEFF00C29EA4 /* SCSCopyObjectOperation.m in Sources */,
				AD1B2C8818FFDEFF00C29EA4 /* SCSObject.m in Sources */,
				AD1B2CE218FFDEFF00C29EA4 /* SCSUpdateObjectOperation.m in Sources */,
				AD1B2C7418FFDEFF00C29EA4 /* SCSConnectionInfo.m in Sources */,
				AD1B2CCE18FFDEFF00C29EA4 /* SCSDeleteObjectOperation.m in Sources */,
				AD1B2C8D18FFDEFF00C29EA4 /* SCSOperation.m in Sources */,
				AD1B2C9218FFDEFF00C29EA4 /* SCSOperationQueue.m in Sources */,
			);
			runOnlyForDeploymentPostprocessing = 0;
		};
		AD2E97A118F668A00017D61C /* Sources */ = {
			isa = PBXSourcesBuildPhase;
			buildActionMask = 2147483647;
			files = (
				AD1B2C7118FFDEFF00C29EA4 /* SCSBucket.m in Sources */,
				AD1B2C8018FFDEFF00C29EA4 /* SCSHTTPURLBuilder.m in Sources */,
				AD1B2CAD18FFDEFF00C29EA4 /* SCSDeleteBucketOperation.m in Sources */,
				AD1B2C6C18FFDEFF00C29EA4 /* SCSACL.m in Sources */,
				AD1B2CA818FFDEFF00C29EA4 /* SCSAddBucketOperation.m in Sources */,
				AD1B2CC618FFDEFF00C29EA4 /* SCSAddObjectRelaxOperation.m in Sources */,
				AD1B2C8518FFDEFF00C29EA4 /* SCSMutableConnectionInfo.m in Sources */,
				AD1B2C9918FFDEFF00C29EA4 /* SCSOwner.m in Sources */,
				AD1B2CB718FFDEFF00C29EA4 /* SCSListBucketOperation.m in Sources */,
				AD1B2CA318FFDEFF00C29EA4 /* SCSTransferRateCalculator.m in Sources */,
				AD1B2CDA18FFDEFF00C29EA4 /* SCSGetInfoObjectOperation.m in Sources */,
				AD1B2CB218FFDEFF00C29EA4 /* SCSGetACLOperation.m in Sources */,
				AD1B2CBC18FFDEFF00C29EA4 /* SCSSetACLOperation.m in Sources */,
				AD1B2CC118FFDEFF00C29EA4 /* SCSAddObjectOperation.m in Sources */,
				AD1B2C7B18FFDEFF00C29EA4 /* SCSExtensions.m in Sources */,
				AD1B2CDF18FFDEFF00C29EA4 /* SCSListObjectOperation.m in Sources */,
				AD1B2C9E18FFDEFF00C29EA4 /* SCSPersistentCFReadStreamPool.m in Sources */,
				AD1B2CD518FFDEFF00C29EA4 /* SCSDownloadObjectOperation.m in Sources */,
				AD1B2CCB18FFDEFF00C29EA4 /* SCSCopyObjectOperation.m in Sources */,
				AD1B2C8A18FFDEFF00C29EA4 /* SCSObject.m in Sources */,
				AD1B2CE418FFDEFF00C29EA4 /* SCSUpdateObjectOperation.m in Sources */,
				AD1B2C7618FFDEFF00C29EA4 /* SCSConnectionInfo.m in Sources */,
				AD1B2CD018FFDEFF00C29EA4 /* SCSDeleteObjectOperation.m in Sources */,
				AD1B2C8F18FFDEFF00C29EA4 /* SCSOperation.m in Sources */,
				AD1B2C9418FFDEFF00C29EA4 /* SCSOperationQueue.m in Sources */,
			);
			runOnlyForDeploymentPostprocessing = 0;
		};
/* End PBXSourcesBuildPhase section */

/* Begin XCBuildConfiguration section */
		AD2E977418F6687B0017D61C /* Debug */ = {
			isa = XCBuildConfiguration;
			buildSettings = {
			};
			name = Debug;
		};
		AD2E977518F6687B0017D61C /* Release */ = {
			isa = XCBuildConfiguration;
			buildSettings = {
			};
			name = Release;
		};
		AD2E979C18F668920017D61C /* Debug */ = {
			isa = XCBuildConfiguration;
			buildSettings = {
				ALWAYS_SEARCH_USER_PATHS = NO;
				ARCHS = "$(ARCHS_STANDARD_INCLUDING_64_BIT)";
				CLANG_CXX_LANGUAGE_STANDARD = "gnu++0x";
				CLANG_CXX_LIBRARY = "libc++";
				CLANG_ENABLE_MODULES = YES;
				CLANG_ENABLE_OBJC_ARC = NO;
				CLANG_WARN_BOOL_CONVERSION = YES;
				CLANG_WARN_CONSTANT_CONVERSION = YES;
				CLANG_WARN_DIRECT_OBJC_ISA_USAGE = YES_ERROR;
				CLANG_WARN_EMPTY_BODY = YES;
				CLANG_WARN_ENUM_CONVERSION = YES;
				CLANG_WARN_INT_CONVERSION = YES;
				CLANG_WARN_OBJC_ROOT_CLASS = YES_ERROR;
				CLANG_WARN__DUPLICATE_METHOD_MATCH = YES;
				COPY_PHASE_STRIP = NO;
				DSTROOT = /tmp/SCSSDK_IOS.dst;
				GCC_C_LANGUAGE_STANDARD = gnu99;
				GCC_DYNAMIC_NO_PIC = NO;
				GCC_OPTIMIZATION_LEVEL = 0;
				GCC_PRECOMPILE_PREFIX_HEADER = YES;
				GCC_PREFIX_HEADER = "SCSSDK_IOS/SCSSDK_IOS-Prefix.pch";
				GCC_PREPROCESSOR_DEFINITIONS = (
					"DEBUG=1",
					"$(inherited)",
				);
				GCC_SYMBOLS_PRIVATE_EXTERN = NO;
				GCC_WARN_64_TO_32_BIT_CONVERSION = YES;
				GCC_WARN_ABOUT_RETURN_TYPE = YES_ERROR;
				GCC_WARN_UNDECLARED_SELECTOR = YES;
				GCC_WARN_UNINITIALIZED_AUTOS = YES;
				GCC_WARN_UNUSED_FUNCTION = YES;
				GCC_WARN_UNUSED_VARIABLE = YES;
				IPHONEOS_DEPLOYMENT_TARGET = 7.0;
				ONLY_ACTIVE_ARCH = YES;
				OTHER_LDFLAGS = "-ObjC";
				PRODUCT_NAME = "$(TARGET_NAME)";
				SDKROOT = iphoneos;
				SKIP_INSTALL = YES;
			};
			name = Debug;
		};
		AD2E979D18F668920017D61C /* Release */ = {
			isa = XCBuildConfiguration;
			buildSettings = {
				ALWAYS_SEARCH_USER_PATHS = NO;
				ARCHS = "$(ARCHS_STANDARD_INCLUDING_64_BIT)";
				CLANG_CXX_LANGUAGE_STANDARD = "gnu++0x";
				CLANG_CXX_LIBRARY = "libc++";
				CLANG_ENABLE_MODULES = YES;
				CLANG_ENABLE_OBJC_ARC = NO;
				CLANG_WARN_BOOL_CONVERSION = YES;
				CLANG_WARN_CONSTANT_CONVERSION = YES;
				CLANG_WARN_DIRECT_OBJC_ISA_USAGE = YES_ERROR;
				CLANG_WARN_EMPTY_BODY = YES;
				CLANG_WARN_ENUM_CONVERSION = YES;
				CLANG_WARN_INT_CONVERSION = YES;
				CLANG_WARN_OBJC_ROOT_CLASS = YES_ERROR;
				CLANG_WARN__DUPLICATE_METHOD_MATCH = YES;
				COPY_PHASE_STRIP = YES;
				DSTROOT = /tmp/SCSSDK_IOS.dst;
				ENABLE_NS_ASSERTIONS = NO;
				GCC_C_LANGUAGE_STANDARD = gnu99;
				GCC_PRECOMPILE_PREFIX_HEADER = YES;
				GCC_PREFIX_HEADER = "SCSSDK_IOS/SCSSDK_IOS-Prefix.pch";
				GCC_WARN_64_TO_32_BIT_CONVERSION = YES;
				GCC_WARN_ABOUT_RETURN_TYPE = YES_ERROR;
				GCC_WARN_UNDECLARED_SELECTOR = YES;
				GCC_WARN_UNINITIALIZED_AUTOS = YES;
				GCC_WARN_UNUSED_FUNCTION = YES;
				GCC_WARN_UNUSED_VARIABLE = YES;
				IPHONEOS_DEPLOYMENT_TARGET = 7.0;
				OTHER_LDFLAGS = "-ObjC";
				PRODUCT_NAME = "$(TARGET_NAME)";
				SDKROOT = iphoneos;
				SKIP_INSTALL = YES;
				VALIDATE_PRODUCT = YES;
			};
			name = Release;
		};
		AD2E97C518F668A00017D61C /* Debug */ = {
			isa = XCBuildConfiguration;
			buildSettings = {
				ALWAYS_SEARCH_USER_PATHS = NO;
				CLANG_CXX_LANGUAGE_STANDARD = "gnu++0x";
				CLANG_CXX_LIBRARY = "libc++";
				CLANG_ENABLE_OBJC_ARC = NO;
				CLANG_WARN_BOOL_CONVERSION = YES;
				CLANG_WARN_CONSTANT_CONVERSION = YES;
				CLANG_WARN_DIRECT_OBJC_ISA_USAGE = YES_ERROR;
				CLANG_WARN_EMPTY_BODY = YES;
				CLANG_WARN_ENUM_CONVERSION = YES;
				CLANG_WARN_INT_CONVERSION = YES;
				CLANG_WARN_OBJC_ROOT_CLASS = YES_ERROR;
				CLANG_WARN__DUPLICATE_METHOD_MATCH = YES;
				COPY_PHASE_STRIP = NO;
				GCC_C_LANGUAGE_STANDARD = gnu99;
				GCC_DYNAMIC_NO_PIC = NO;
				GCC_ENABLE_OBJC_EXCEPTIONS = YES;
				GCC_OPTIMIZATION_LEVEL = 0;
				GCC_PRECOMPILE_PREFIX_HEADER = YES;
				GCC_PREFIX_HEADER = "SCSSDK_OSX/SCSSDK_OSX-Prefix.pch";
				GCC_PREPROCESSOR_DEFINITIONS = (
					"DEBUG=1",
					"$(inherited)",
				);
				GCC_SYMBOLS_PRIVATE_EXTERN = NO;
				GCC_WARN_64_TO_32_BIT_CONVERSION = YES;
				GCC_WARN_ABOUT_RETURN_TYPE = YES_ERROR;
				GCC_WARN_UNDECLARED_SELECTOR = YES;
				GCC_WARN_UNINITIALIZED_AUTOS = YES;
				GCC_WARN_UNUSED_FUNCTION = YES;
				GCC_WARN_UNUSED_VARIABLE = YES;
				MACOSX_DEPLOYMENT_TARGET = 10.8;
				ONLY_ACTIVE_ARCH = YES;
				PRODUCT_NAME = "$(TARGET_NAME)";
				SDKROOT = macosx;
			};
			name = Debug;
		};
		AD2E97C618F668A00017D61C /* Release */ = {
			isa = XCBuildConfiguration;
			buildSettings = {
				ALWAYS_SEARCH_USER_PATHS = NO;
				CLANG_CXX_LANGUAGE_STANDARD = "gnu++0x";
				CLANG_CXX_LIBRARY = "libc++";
				CLANG_ENABLE_OBJC_ARC = NO;
				CLANG_WARN_BOOL_CONVERSION = YES;
				CLANG_WARN_CONSTANT_CONVERSION = YES;
				CLANG_WARN_DIRECT_OBJC_ISA_USAGE = YES_ERROR;
				CLANG_WARN_EMPTY_BODY = YES;
				CLANG_WARN_ENUM_CONVERSION = YES;
				CLANG_WARN_INT_CONVERSION = YES;
				CLANG_WARN_OBJC_ROOT_CLASS = YES_ERROR;
				CLANG_WARN__DUPLICATE_METHOD_MATCH = YES;
				COPY_PHASE_STRIP = YES;
				DEBUG_INFORMATION_FORMAT = "dwarf-with-dsym";
				ENABLE_NS_ASSERTIONS = NO;
				GCC_C_LANGUAGE_STANDARD = gnu99;
				GCC_ENABLE_OBJC_EXCEPTIONS = YES;
				GCC_PRECOMPILE_PREFIX_HEADER = YES;
				GCC_PREFIX_HEADER = "SCSSDK_OSX/SCSSDK_OSX-Prefix.pch";
				GCC_WARN_64_TO_32_BIT_CONVERSION = YES;
				GCC_WARN_ABOUT_RETURN_TYPE = YES_ERROR;
				GCC_WARN_UNDECLARED_SELECTOR = YES;
				GCC_WARN_UNINITIALIZED_AUTOS = YES;
				GCC_WARN_UNUSED_FUNCTION = YES;
				GCC_WARN_UNUSED_VARIABLE = YES;
				MACOSX_DEPLOYMENT_TARGET = 10.8;
				PRODUCT_NAME = "$(TARGET_NAME)";
				SDKROOT = macosx;
			};
			name = Release;
		};
/* End XCBuildConfiguration section */

/* Begin XCConfigurationList section */
		AD2E977318F6687B0017D61C /* Build configuration list for PBXProject "SCSSDK" */ = {
			isa = XCConfigurationList;
			buildConfigurations = (
				AD2E977418F6687B0017D61C /* Debug */,
				AD2E977518F6687B0017D61C /* Release */,
			);
			defaultConfigurationIsVisible = 0;
			defaultConfigurationName = Release;
		};
		AD2E979B18F668920017D61C /* Build configuration list for PBXNativeTarget "SCSSDK_IOS" */ = {
			isa = XCConfigurationList;
			buildConfigurations = (
				AD2E979C18F668920017D61C /* Debug */,
				AD2E979D18F668920017D61C /* Release */,
			);
			defaultConfigurationIsVisible = 0;
			defaultConfigurationName = Release;
		};
		AD2E97C418F668A00017D61C /* Build configuration list for PBXNativeTarget "SCSSDK_OSX" */ = {
			isa = XCConfigurationList;
			buildConfigurations = (
				AD2E97C518F668A00017D61C /* Debug */,
				AD2E97C618F668A00017D61C /* Release */,
			);
			defaultConfigurationIsVisible = 0;
			defaultConfigurationName = Release;
		};
/* End XCConfigurationList section */
	};
	rootObject = AD2E977018F6687B0017D61C /* Project object */;
}
